// !$*UTF8*$!
{
	archiveVersion = 1;
	classes = {
	};
	objectVersion = 46;
	objects = {

/* Begin PBXBuildFile section */
		3A24ECA81D812CCC0014B706 /* TabBarController.swift in Sources */ = {isa = PBXBuildFile; fileRef = 3A24ECA71D812CCC0014B706 /* TabBarController.swift */; };
		3A6AADB11D8148DA005D94C1 /* BannerNavigationController.swift in Sources */ = {isa = PBXBuildFile; fileRef = 3A6AADB01D8148DA005D94C1 /* BannerNavigationController.swift */; };
		3ADBC1981D825A62003D7AB3 /* ViewController.swift in Sources */ = {isa = PBXBuildFile; fileRef = 3ADBC1971D825A62003D7AB3 /* ViewController.swift */; };
		969EC2001D3E0CF7005F475E /* ManyBannerViewController.swift in Sources */ = {isa = PBXBuildFile; fileRef = 969EC1FF1D3E0CF7005F475E /* ManyBannerViewController.swift */; };
		969EC2021D3E11C1005F475E /* InterstitialViewController.swift in Sources */ = {isa = PBXBuildFile; fileRef = 969EC2011D3E11C1005F475E /* InterstitialViewController.swift */; };
		96F22C371D3899D300C3136E /* AppDelegate.swift in Sources */ = {isa = PBXBuildFile; fileRef = 96F22C361D3899D300C3136E /* AppDelegate.swift */; };
		96F22C391D3899D300C3136E /* BannerViewController.swift in Sources */ = {isa = PBXBuildFile; fileRef = 96F22C381D3899D300C3136E /* BannerViewController.swift */; };
		96F22C3C1D3899D300C3136E /* Main.storyboard in Resources */ = {isa = PBXBuildFile; fileRef = 96F22C3A1D3899D300C3136E /* Main.storyboard */; };
		96F22C3E1D3899D300C3136E /* Assets.xcassets in Resources */ = {isa = PBXBuildFile; fileRef = 96F22C3D1D3899D300C3136E /* Assets.xcassets */; };
		96F22C411D3899D300C3136E /* LaunchScreen.storyboard in Resources */ = {isa = PBXBuildFile; fileRef = 96F22C3F1D3899D300C3136E /* LaunchScreen.storyboard */; };
		96F22C701D38A24300C3136E /* FluctSDK.framework in Frameworks */ = {isa = PBXBuildFile; fileRef = 96F22C6E1D38A24300C3136E /* FluctSDK.framework */; };
		96F22C711D38A24400C3136E /* GSMMovieResources.bundle in Resources */ = {isa = PBXBuildFile; fileRef = 96F22C6F1D38A24300C3136E /* GSMMovieResources.bundle */; };
/* End PBXBuildFile section */

/* Begin PBXFileReference section */
		3A24ECA71D812CCC0014B706 /* TabBarController.swift */ = {isa = PBXFileReference; fileEncoding = 4; lastKnownFileType = sourcecode.swift; path = TabBarController.swift; sourceTree = "<group>"; };
		3A6AADB01D8148DA005D94C1 /* BannerNavigationController.swift */ = {isa = PBXFileReference; fileEncoding = 4; lastKnownFileType = sourcecode.swift; path = BannerNavigationController.swift; sourceTree = "<group>"; };
		3ADBC1971D825A62003D7AB3 /* ViewController.swift */ = {isa = PBXFileReference; fileEncoding = 4; lastKnownFileType = sourcecode.swift; path = ViewController.swift; sourceTree = "<group>"; };
		969EC1FF1D3E0CF7005F475E /* ManyBannerViewController.swift */ = {isa = PBXFileReference; fileEncoding = 4; lastKnownFileType = sourcecode.swift; path = ManyBannerViewController.swift; sourceTree = "<group>"; };
		969EC2011D3E11C1005F475E /* InterstitialViewController.swift */ = {isa = PBXFileReference; fileEncoding = 4; lastKnownFileType = sourcecode.swift; path = InterstitialViewController.swift; sourceTree = "<group>"; };
		96F22C331D3899D300C3136E /* SampleApp-Swift.app */ = {isa = PBXFileReference; explicitFileType = wrapper.application; includeInIndex = 0; path = "SampleApp-Swift.app"; sourceTree = BUILT_PRODUCTS_DIR; };
		96F22C361D3899D300C3136E /* AppDelegate.swift */ = {isa = PBXFileReference; lastKnownFileType = sourcecode.swift; path = AppDelegate.swift; sourceTree = "<group>"; };
		96F22C381D3899D300C3136E /* BannerViewController.swift */ = {isa = PBXFileReference; lastKnownFileType = sourcecode.swift; path = BannerViewController.swift; sourceTree = "<group>"; };
		96F22C3B1D3899D300C3136E /* Base */ = {isa = PBXFileReference; lastKnownFileType = file.storyboard; name = Base; path = Base.lproj/Main.storyboard; sourceTree = "<group>"; };
		96F22C3D1D3899D300C3136E /* Assets.xcassets */ = {isa = PBXFileReference; lastKnownFileType = folder.assetcatalog; path = Assets.xcassets; sourceTree = "<group>"; };
		96F22C401D3899D300C3136E /* Base */ = {isa = PBXFileReference; lastKnownFileType = file.storyboard; name = Base; path = Base.lproj/LaunchScreen.storyboard; sourceTree = "<group>"; };
		96F22C421D3899D300C3136E /* Info.plist */ = {isa = PBXFileReference; lastKnownFileType = text.plist.xml; path = Info.plist; sourceTree = "<group>"; };
		96F22C6E1D38A24300C3136E /* FluctSDK.framework */ = {isa = PBXFileReference; lastKnownFileType = wrapper.framework; path = FluctSDK.framework; sourceTree = "<group>"; };
		96F22C6F1D38A24300C3136E /* GSMMovieResources.bundle */ = {isa = PBXFileReference; lastKnownFileType = "wrapper.plug-in"; path = GSMMovieResources.bundle; sourceTree = "<group>"; };
/* End PBXFileReference section */

/* Begin PBXFrameworksBuildPhase section */
		96F22C301D3899D300C3136E /* Frameworks */ = {
			isa = PBXFrameworksBuildPhase;
			buildActionMask = 2147483647;
			files = (
				96F22C701D38A24300C3136E /* FluctSDK.framework in Frameworks */,
			);
			runOnlyForDeploymentPostprocessing = 0;
		};
/* End PBXFrameworksBuildPhase section */

/* Begin PBXGroup section */
		96F22C2A1D3899D300C3136E = {
			isa = PBXGroup;
			children = (
				96F22C351D3899D300C3136E /* SampleApp-Swift */,
				96F22C341D3899D300C3136E /* Products */,
			);
			sourceTree = "<group>";
		};
		96F22C341D3899D300C3136E /* Products */ = {
			isa = PBXGroup;
			children = (
				96F22C331D3899D300C3136E /* SampleApp-Swift.app */,
			);
			name = Products;
			sourceTree = "<group>";
		};
		96F22C351D3899D300C3136E /* SampleApp-Swift */ = {
			isa = PBXGroup;
			children = (
				96F22C361D3899D300C3136E /* AppDelegate.swift */,
				3ADBC1971D825A62003D7AB3 /* ViewController.swift */,
				96F22C381D3899D300C3136E /* BannerViewController.swift */,
				969EC1FF1D3E0CF7005F475E /* ManyBannerViewController.swift */,
				969EC2011D3E11C1005F475E /* InterstitialViewController.swift */,
				3A24ECA71D812CCC0014B706 /* TabBarController.swift */,
				3A6AADB01D8148DA005D94C1 /* BannerNavigationController.swift */,
				96F22C3A1D3899D300C3136E /* Main.storyboard */,
				96F22C3D1D3899D300C3136E /* Assets.xcassets */,
				96F22C3F1D3899D300C3136E /* LaunchScreen.storyboard */,
				96F22C421D3899D300C3136E /* Info.plist */,
				96F22C6D1D38A24300C3136E /* FluctSDK */,
			);
			path = "SampleApp-Swift";
			sourceTree = "<group>";
		};
		96F22C6D1D38A24300C3136E /* FluctSDK */ = {
			isa = PBXGroup;
			children = (
				96F22C6E1D38A24300C3136E /* FluctSDK.framework */,
				96F22C6F1D38A24300C3136E /* GSMMovieResources.bundle */,
			);
			path = FluctSDK;
			sourceTree = "<group>";
		};
/* End PBXGroup section */

/* Begin PBXNativeTarget section */
		96F22C321D3899D300C3136E /* SampleApp-Swift */ = {
			isa = PBXNativeTarget;
			buildConfigurationList = 96F22C5B1D3899D300C3136E /* Build configuration list for PBXNativeTarget "SampleApp-Swift" */;
			buildPhases = (
				96F22C2F1D3899D300C3136E /* Sources */,
				96F22C301D3899D300C3136E /* Frameworks */,
				96F22C311D3899D300C3136E /* Resources */,
			);
			buildRules = (
			);
			dependencies = (
			);
			name = "SampleApp-Swift";
			productName = FluctSDKSwiftApp;
			productReference = 96F22C331D3899D300C3136E /* SampleApp-Swift.app */;
			productType = "com.apple.product-type.application";
		};
/* End PBXNativeTarget section */

/* Begin PBXProject section */
		96F22C2B1D3899D300C3136E /* Project object */ = {
			isa = PBXProject;
			attributes = {
				LastSwiftUpdateCheck = 0730;
				LastUpgradeCheck = 0730;
				ORGANIZATIONNAME = "fluct, Inc.";
				TargetAttributes = {
					96F22C321D3899D300C3136E = {
						CreatedOnToolsVersion = 7.3.1;
					};
				};
			};
			buildConfigurationList = 96F22C2E1D3899D300C3136E /* Build configuration list for PBXProject "SampleApp-Swift" */;
			compatibilityVersion = "Xcode 3.2";
			developmentRegion = English;
			hasScannedForEncodings = 0;
			knownRegions = (
				en,
				Base,
			);
			mainGroup = 96F22C2A1D3899D300C3136E;
			productRefGroup = 96F22C341D3899D300C3136E /* Products */;
			projectDirPath = "";
			projectRoot = "";
			targets = (
				96F22C321D3899D300C3136E /* SampleApp-Swift */,
			);
		};
/* End PBXProject section */

/* Begin PBXResourcesBuildPhase section */
		96F22C311D3899D300C3136E /* Resources */ = {
			isa = PBXResourcesBuildPhase;
			buildActionMask = 2147483647;
			files = (
				96F22C411D3899D300C3136E /* LaunchScreen.storyboard in Resources */,
				96F22C3E1D3899D300C3136E /* Assets.xcassets in Resources */,
				96F22C711D38A24400C3136E /* GSMMovieResources.bundle in Resources */,
				96F22C3C1D3899D300C3136E /* Main.storyboard in Resources */,
			);
			runOnlyForDeploymentPostprocessing = 0;
		};
/* End PBXResourcesBuildPhase section */

/* Begin PBXSourcesBuildPhase section */
		96F22C2F1D3899D300C3136E /* Sources */ = {
			isa = PBXSourcesBuildPhase;
			buildActionMask = 2147483647;
			files = (
				969EC2021D3E11C1005F475E /* InterstitialViewController.swift in Sources */,
				96F22C391D3899D300C3136E /* BannerViewController.swift in Sources */,
				96F22C371D3899D300C3136E /* AppDelegate.swift in Sources */,
				3A24ECA81D812CCC0014B706 /* TabBarController.swift in Sources */,
				3ADBC1981D825A62003D7AB3 /* ViewController.swift in Sources */,
				3A6AADB11D8148DA005D94C1 /* BannerNavigationController.swift in Sources */,
				969EC2001D3E0CF7005F475E /* ManyBannerViewController.swift in Sources */,
			);
			runOnlyForDeploymentPostprocessing = 0;
		};
/* End PBXSourcesBuildPhase section */

/* Begin PBXVariantGroup section */
		96F22C3A1D3899D300C3136E /* Main.storyboard */ = {
			isa = PBXVariantGroup;
			children = (
				96F22C3B1D3899D300C3136E /* Base */,
			);
			name = Main.storyboard;
			sourceTree = "<group>";
		};
		96F22C3F1D3899D300C3136E /* LaunchScreen.storyboard */ = {
			isa = PBXVariantGroup;
			children = (
				96F22C401D3899D300C3136E /* Base */,
			);
			name = LaunchScreen.storyboard;
			sourceTree = "<group>";
		};
/* End PBXVariantGroup section */

/* Begin XCBuildConfiguration section */
		96F22C591D3899D300C3136E /* Debug */ = {
			isa = XCBuildConfiguration;
			buildSettings = {
				ALWAYS_SEARCH_USER_PATHS = NO;
				CLANG_ANALYZER_NONNULL = YES;
				CLANG_CXX_LANGUAGE_STANDARD = "gnu++0x";
				CLANG_CXX_LIBRARY = "libc++";
				CLANG_ENABLE_MODULES = YES;
				CLANG_ENABLE_OBJC_ARC = YES;
				CLANG_WARN_BOOL_CONVERSION = YES;
				CLANG_WARN_CONSTANT_CONVERSION = YES;
				CLANG_WARN_DIRECT_OBJC_ISA_USAGE = YES_ERROR;
				CLANG_WARN_EMPTY_BODY = YES;
				CLANG_WARN_ENUM_CONVERSION = YES;
				CLANG_WARN_INT_CONVERSION = YES;
				CLANG_WARN_OBJC_ROOT_CLASS = YES_ERROR;
				CLANG_WARN_UNREACHABLE_CODE = YES;
				CLANG_WARN__DUPLICATE_METHOD_MATCH = YES;
				"CODE_SIGN_IDENTITY[sdk=iphoneos*]" = "iPhone Developer";
				COPY_PHASE_STRIP = NO;
				DEBUG_INFORMATION_FORMAT = dwarf;
				ENABLE_STRICT_OBJC_MSGSEND = YES;
				ENABLE_TESTABILITY = YES;
				FRAMEWORK_SEARCH_PATHS = "";
				GCC_C_LANGUAGE_STANDARD = gnu99;
				GCC_DYNAMIC_NO_PIC = NO;
				GCC_NO_COMMON_BLOCKS = YES;
				GCC_OPTIMIZATION_LEVEL = 0;
				GCC_PREPROCESSOR_DEFINITIONS = (
					"DEBUG=1",
					"$(inherited)",
				);
				GCC_WARN_64_TO_32_BIT_CONVERSION = YES;
				GCC_WARN_ABOUT_RETURN_TYPE = YES_ERROR;
				GCC_WARN_UNDECLARED_SELECTOR = YES;
				GCC_WARN_UNINITIALIZED_AUTOS = YES_AGGRESSIVE;
				GCC_WARN_UNUSED_FUNCTION = YES;
				GCC_WARN_UNUSED_VARIABLE = YES;
				IPHONEOS_DEPLOYMENT_TARGET = 7.0;
				MTL_ENABLE_DEBUG_INFO = YES;
				ONLY_ACTIVE_ARCH = YES;
				SDKROOT = iphoneos;
				SWIFT_OBJC_BRIDGING_HEADER = "$(SRCROOT)/FluctSDKSwiftApp-Bridging-Header.h";
				SWIFT_OPTIMIZATION_LEVEL = "-Onone";
				TARGETED_DEVICE_FAMILY = "1,2";
			};
			name = Debug;
		};
		96F22C5A1D3899D300C3136E /* Release */ = {
			isa = XCBuildConfiguration;
			buildSettings = {
				ALWAYS_SEARCH_USER_PATHS = NO;
				CLANG_ANALYZER_NONNULL = YES;
				CLANG_CXX_LANGUAGE_STANDARD = "gnu++0x";
				CLANG_CXX_LIBRARY = "libc++";
				CLANG_ENABLE_MODULES = YES;
				CLANG_ENABLE_OBJC_ARC = YES;
				CLANG_WARN_BOOL_CONVERSION = YES;
				CLANG_WARN_CONSTANT_CONVERSION = YES;
				CLANG_WARN_DIRECT_OBJC_ISA_USAGE = YES_ERROR;
				CLANG_WARN_EMPTY_BODY = YES;
				CLANG_WARN_ENUM_CONVERSION = YES;
				CLANG_WARN_INT_CONVERSION = YES;
				CLANG_WARN_OBJC_ROOT_CLASS = YES_ERROR;
				CLANG_WARN_UNREACHABLE_CODE = YES;
				CLANG_WARN__DUPLICATE_METHOD_MATCH = YES;
				"CODE_SIGN_IDENTITY[sdk=iphoneos*]" = "iPhone Developer";
				COPY_PHASE_STRIP = NO;
				DEBUG_INFORMATION_FORMAT = "dwarf-with-dsym";
				ENABLE_NS_ASSERTIONS = NO;
				ENABLE_STRICT_OBJC_MSGSEND = YES;
				FRAMEWORK_SEARCH_PATHS = "";
				GCC_C_LANGUAGE_STANDARD = gnu99;
				GCC_NO_COMMON_BLOCKS = YES;
				GCC_WARN_64_TO_32_BIT_CONVERSION = YES;
				GCC_WARN_ABOUT_RETURN_TYPE = YES_ERROR;
				GCC_WARN_UNDECLARED_SELECTOR = YES;
				GCC_WARN_UNINITIALIZED_AUTOS = YES_AGGRESSIVE;
				GCC_WARN_UNUSED_FUNCTION = YES;
				GCC_WARN_UNUSED_VARIABLE = YES;
				IPHONEOS_DEPLOYMENT_TARGET = 7.0;
				MTL_ENABLE_DEBUG_INFO = NO;
				SDKROOT = iphoneos;
				SWIFT_OBJC_BRIDGING_HEADER = "$(SRCROOT)/FluctSDKSwiftApp-Bridging-Header.h";
				TARGETED_DEVICE_FAMILY = "1,2";
				VALIDATE_PRODUCT = YES;
			};
			name = Release;
		};
		96F22C5C1D3899D300C3136E /* Debug */ = {
			isa = XCBuildConfiguration;
			buildSettings = {
				FRAMEWORK_SEARCH_PATHS = (
					"$(inherited)",
					"$(PROJECT_DIR)/SampleApp-Swift/FluctSDK",
				);
				INFOPLIST_FILE = "SampleApp-Swift/Info.plist";
				IPHONEOS_DEPLOYMENT_TARGET = 7.0;
				LD_RUNPATH_SEARCH_PATHS = "$(inherited) @executable_path/Frameworks";
				PRODUCT_BUNDLE_IDENTIFIER = "jp.fluct.SampleApp-Swift";
				PRODUCT_NAME = "SampleApp-Swift";
				SWIFT_OBJC_BRIDGING_HEADER = "";
			};
			name = Debug;
		};
		96F22C5D1D3899D300C3136E /* Release */ = {
			isa = XCBuildConfiguration;
			buildSettings = {
				FRAMEWORK_SEARCH_PATHS = (
					"$(inherited)",
					"$(PROJECT_DIR)/SampleApp-Swift/FluctSDK",
				);
				INFOPLIST_FILE = "SampleApp-Swift/Info.plist";
				IPHONEOS_DEPLOYMENT_TARGET = 7.0;
				LD_RUNPATH_SEARCH_PATHS = "$(inherited) @executable_path/Frameworks";
				PRODUCT_BUNDLE_IDENTIFIER = "jp.fluct.SampleApp-Swift";
				PRODUCT_NAME = "SampleApp-Swift";
				SWIFT_OBJC_BRIDGING_HEADER = "";
			};
			name = Release;
		};
/* End XCBuildConfiguration section */

/* Begin XCConfigurationList section */
		96F22C2E1D3899D300C3136E /* Build configuration list for PBXProject "SampleApp-Swift" */ = {
			isa = XCConfigurationList;
			buildConfigurations = (
				96F22C591D3899D300C3136E /* Debug */,
				96F22C5A1D3899D300C3136E /* Release */,
			);
			defaultConfigurationIsVisible = 0;
			defaultConfigurationName = Release;
		};
		96F22C5B1D3899D300C3136E /* Build configuration list for PBXNativeTarget "SampleApp-Swift" */ = {
			isa = XCConfigurationList;
			buildConfigurations = (
				96F22C5C1D3899D300C3136E /* Debug */,
				96F22C5D1D3899D300C3136E /* Release */,
			);
			defaultConfigurationIsVisible = 0;
			defaultConfigurationName = Release;
		};
/* End XCConfigurationList section */
	};
	rootObject = 96F22C2B1D3899D300C3136E /* Project object */;
}
