// !$*UTF8*$!
{
	archiveVersion = 1;
	classes = {
	};
	objectVersion = 46;
	objects = {

/* Begin PBXBuildFile section */
		3A24ECA11D810B600014B706 /* BannerTabBarController.m in Sources */ = {isa = PBXBuildFile; fileRef = 3A24ECA01D810B600014B706 /* BannerTabBarController.m */; };
		3A24ECA41D81207E0014B706 /* BannerNavigationController.m in Sources */ = {isa = PBXBuildFile; fileRef = 3A24ECA31D81207E0014B706 /* BannerNavigationController.m */; };
		3AB37653207F1C7600BA82F4 /* ImageIO.framework in Frameworks */ = {isa = PBXBuildFile; fileRef = 3AB37652207F1C7600BA82F4 /* ImageIO.framework */; };
		7451C8EB21E8745800C42F1F /* FluctSDKResources.bundle in Resources */ = {isa = PBXBuildFile; fileRef = 7451C8E921E8745800C42F1F /* FluctSDKResources.bundle */; };
		7451C8EC21E8745800C42F1F /* FluctSDK.framework in Frameworks */ = {isa = PBXBuildFile; fileRef = 7451C8EA21E8745800C42F1F /* FluctSDK.framework */; };
		75C0AC1721C0BA270074AA86 /* EventKit.framework in Frameworks */ = {isa = PBXBuildFile; fileRef = 75C0AC1621C0BA270074AA86 /* EventKit.framework */; };
		75C0AC1921C0BA2C0074AA86 /* MessageUI.framework in Frameworks */ = {isa = PBXBuildFile; fileRef = 75C0AC1821C0BA2B0074AA86 /* MessageUI.framework */; };
		75C0AC1B21C0BA320074AA86 /* WatchConnectivity.framework in Frameworks */ = {isa = PBXBuildFile; fileRef = 75C0AC1A21C0BA320074AA86 /* WatchConnectivity.framework */; };
		75C0AC1D21C0BA380074AA86 /* JavaScriptCore.framework in Frameworks */ = {isa = PBXBuildFile; fileRef = 75C0AC1C21C0BA380074AA86 /* JavaScriptCore.framework */; };
		75C0AC1F21C0BA3D0074AA86 /* libc++.tbd in Frameworks */ = {isa = PBXBuildFile; fileRef = 75C0AC1E21C0BA3D0074AA86 /* libc++.tbd */; };
		75C0AC2121C0BA440074AA86 /* libz.tbd in Frameworks */ = {isa = PBXBuildFile; fileRef = 75C0AC2021C0BA440074AA86 /* libz.tbd */; };
		75C0AC2321C0BA490074AA86 /* libxml2.tbd in Frameworks */ = {isa = PBXBuildFile; fileRef = 75C0AC2221C0BA490074AA86 /* libxml2.tbd */; };
		75C0AC2521C0BA4E0074AA86 /* libsqlite3.0.tbd in Frameworks */ = {isa = PBXBuildFile; fileRef = 75C0AC2421C0BA4E0074AA86 /* libsqlite3.0.tbd */; };
		75CDFC0C22A4E9120085B18D /* FSSRewardedVideoCustomEventMintegral.m in Sources */ = {isa = PBXBuildFile; fileRef = 75CDFC0522A4E9120085B18D /* FSSRewardedVideoCustomEventMintegral.m */; };
		75CDFC0D22A4E9120085B18D /* MTGSDK.framework in Frameworks */ = {isa = PBXBuildFile; fileRef = 75CDFC0622A4E9120085B18D /* MTGSDK.framework */; };
		75CDFC0E22A4E9120085B18D /* MTGSDKReward.framework in Frameworks */ = {isa = PBXBuildFile; fileRef = 75CDFC0722A4E9120085B18D /* MTGSDKReward.framework */; };
		75DB9A5021CB55FA00A999ED /* UnityAds.framework in Frameworks */ = {isa = PBXBuildFile; fileRef = 75DB9A2E21CB55FA00A999ED /* UnityAds.framework */; };
		75DB9A5121CB55FA00A999ED /* FSSRewardedVideoCustomEventUnityAds.m in Sources */ = {isa = PBXBuildFile; fileRef = 75DB9A2F21CB55FA00A999ED /* FSSRewardedVideoCustomEventUnityAds.m */; };
		75DB9A5221CB55FA00A999ED /* FSSRewardedVideoUnityAdsManager.m in Sources */ = {isa = PBXBuildFile; fileRef = 75DB9A3021CB55FA00A999ED /* FSSRewardedVideoUnityAdsManager.m */; };
		75DB9A5321CB55FA00A999ED /* FSSRewardedVideoConditionObserver.m in Sources */ = {isa = PBXBuildFile; fileRef = 75DB9A3121CB55FA00A999ED /* FSSRewardedVideoConditionObserver.m */; };
		75DB9A5421CB55FA00A999ED /* Tapjoy.framework in Frameworks */ = {isa = PBXBuildFile; fileRef = 75DB9A3521CB55FA00A999ED /* Tapjoy.framework */; };
		75DB9A5521CB55FA00A999ED /* TapjoyResources.bundle in Resources */ = {isa = PBXBuildFile; fileRef = 75DB9A3721CB55FA00A999ED /* TapjoyResources.bundle */; };
		75DB9A5621CB55FA00A999ED /* FSSRewardedVideoCustomEventTapjoy.m in Sources */ = {isa = PBXBuildFile; fileRef = 75DB9A3821CB55FA00A999ED /* FSSRewardedVideoCustomEventTapjoy.m */; };
		75DB9A5721CB55FA00A999ED /* AppLovinSDK.framework in Frameworks */ = {isa = PBXBuildFile; fileRef = 75DB9A3B21CB55FA00A999ED /* AppLovinSDK.framework */; };
		75DB9A5821CB55FA00A999ED /* FSSRewardedVideoCustomEventAppLovin.m in Sources */ = {isa = PBXBuildFile; fileRef = 75DB9A3C21CB55FA00A999ED /* FSSRewardedVideoCustomEventAppLovin.m */; };
		75DB9A5921CB55FA00A999ED /* FSSRewardedVideoCustomEventAdColony.m in Sources */ = {isa = PBXBuildFile; fileRef = 75DB9A3F21CB55FA00A999ED /* FSSRewardedVideoCustomEventAdColony.m */; };
		75DB9A5A21CB55FA00A999ED /* FSSRewardedVideoAdColonyManager.m in Sources */ = {isa = PBXBuildFile; fileRef = 75DB9A4021CB55FA00A999ED /* FSSRewardedVideoAdColonyManager.m */; };
		75DB9A5B21CB55FA00A999ED /* AdColony.framework in Frameworks */ = {isa = PBXBuildFile; fileRef = 75DB9A4221CB55FA00A999ED /* AdColony.framework */; };
		75DB9A5C21CB55FA00A999ED /* FSSRewardedVideoCustomEventMaio.m in Sources */ = {isa = PBXBuildFile; fileRef = 75DB9A4621CB55FA00A999ED /* FSSRewardedVideoCustomEventMaio.m */; };
		75DB9A5D21CB55FA00A999ED /* FSSRewardedVideoMaioManager.m in Sources */ = {isa = PBXBuildFile; fileRef = 75DB9A4721CB55FA00A999ED /* FSSRewardedVideoMaioManager.m */; };
		75DB9A5E21CB55FA00A999ED /* Maio.framework in Frameworks */ = {isa = PBXBuildFile; fileRef = 75DB9A4821CB55FA00A999ED /* Maio.framework */; };
		75DB9A5F21CB55FA00A999ED /* FSSRewardedVideoCustomEventNend.m in Sources */ = {isa = PBXBuildFile; fileRef = 75DB9A4A21CB55FA00A999ED /* FSSRewardedVideoCustomEventNend.m */; };
		75DB9A6021CB55FA00A999ED /* NendAd.framework in Frameworks */ = {isa = PBXBuildFile; fileRef = 75DB9A4C21CB55FA00A999ED /* NendAd.framework */; };
		75DB9A6121CB55FA00A999ED /* NendAdResource.bundle in Resources */ = {isa = PBXBuildFile; fileRef = 75DB9A4E21CB55FA00A999ED /* NendAdResource.bundle */; };
		9614D1BF1DF7E89200AC935E /* BannerTableViewCell.m in Sources */ = {isa = PBXBuildFile; fileRef = 9614D1BE1DF7E89200AC935E /* BannerTableViewCell.m */; };
		9614D1C21DF7E8A800AC935E /* BannerTableViewController.m in Sources */ = {isa = PBXBuildFile; fileRef = 9614D1C11DF7E8A800AC935E /* BannerTableViewController.m */; };
		96A2B0041FA30B8700BA5E71 /* WebKit.framework in Frameworks */ = {isa = PBXBuildFile; fileRef = 96A2B0031FA30B8700BA5E71 /* WebKit.framework */; };
		96ABC5C01F2579CB00C2A078 /* NativeViewController.m in Sources */ = {isa = PBXBuildFile; fileRef = 96ABC5BF1F2579CB00C2A078 /* NativeViewController.m */; };
		96ABC5C31F2579DC00C2A078 /* NativeTableViewController.m in Sources */ = {isa = PBXBuildFile; fileRef = 96ABC5C21F2579DC00C2A078 /* NativeTableViewController.m */; };
		96BE0A1D1FA30FF200474C66 /* RewardedVideoViewController.m in Sources */ = {isa = PBXBuildFile; fileRef = 96BE0A1C1FA30FF200474C66 /* RewardedVideoViewController.m */; };
		A3418CB318D999C5003E302C /* InfoPlist.strings in Resources */ = {isa = PBXBuildFile; fileRef = A3418CB118D999C5003E302C /* InfoPlist.strings */; };
		A3418CB518D999C5003E302C /* main.m in Sources */ = {isa = PBXBuildFile; fileRef = A3418CB418D999C5003E302C /* main.m */; };
		A3418CB918D999C5003E302C /* AppDelegate.m in Sources */ = {isa = PBXBuildFile; fileRef = A3418CB818D999C5003E302C /* AppDelegate.m */; };
		A3418CBC18D999C5003E302C /* Main.storyboard in Resources */ = {isa = PBXBuildFile; fileRef = A3418CBA18D999C5003E302C /* Main.storyboard */; };
		A3418CC218D999C5003E302C /* ViewController.m in Sources */ = {isa = PBXBuildFile; fileRef = A3418CC118D999C5003E302C /* ViewController.m */; };
		A3418CC418D999C5003E302C /* Images.xcassets in Resources */ = {isa = PBXBuildFile; fileRef = A3418CC318D999C5003E302C /* Images.xcassets */; };
		A3418CD518D999C5003E302C /* InfoPlist.strings in Resources */ = {isa = PBXBuildFile; fileRef = A3418CD318D999C5003E302C /* InfoPlist.strings */; };
		A3418CD718D999C5003E302C /* SampleAppTests.m in Sources */ = {isa = PBXBuildFile; fileRef = A3418CD618D999C5003E302C /* SampleAppTests.m */; };
		A3418CE218D9A040003E302C /* BannerViewController.m in Sources */ = {isa = PBXBuildFile; fileRef = A3418CE118D9A040003E302C /* BannerViewController.m */; };
		A3418CF118D9AA25003E302C /* ManyBannerViewController.m in Sources */ = {isa = PBXBuildFile; fileRef = A3418CF018D9AA25003E302C /* ManyBannerViewController.m */; };
		A3E7215318DAEFA900A3ABF1 /* InterstitialViewController.m in Sources */ = {isa = PBXBuildFile; fileRef = A3E7215218DAEFA900A3ABF1 /* InterstitialViewController.m */; };
/* End PBXBuildFile section */

/* Begin PBXContainerItemProxy section */
		A3418CCE18D999C5003E302C /* PBXContainerItemProxy */ = {
			isa = PBXContainerItemProxy;
			containerPortal = A3418C9D18D999C5003E302C /* Project object */;
			proxyType = 1;
			remoteGlobalIDString = A3418CA418D999C5003E302C;
			remoteInfo = SampleApp;
		};
/* End PBXContainerItemProxy section */

/* Begin PBXFileReference section */
		3A24EC9F1D810B600014B706 /* BannerTabBarController.h */ = {isa = PBXFileReference; fileEncoding = 4; lastKnownFileType = sourcecode.c.h; path = BannerTabBarController.h; sourceTree = "<group>"; };
		3A24ECA01D810B600014B706 /* BannerTabBarController.m */ = {isa = PBXFileReference; fileEncoding = 4; lastKnownFileType = sourcecode.c.objc; path = BannerTabBarController.m; sourceTree = "<group>"; };
		3A24ECA21D81207E0014B706 /* BannerNavigationController.h */ = {isa = PBXFileReference; fileEncoding = 4; lastKnownFileType = sourcecode.c.h; path = BannerNavigationController.h; sourceTree = "<group>"; };
		3A24ECA31D81207E0014B706 /* BannerNavigationController.m */ = {isa = PBXFileReference; fileEncoding = 4; lastKnownFileType = sourcecode.c.objc; path = BannerNavigationController.m; sourceTree = "<group>"; };
		3AB37652207F1C7600BA82F4 /* ImageIO.framework */ = {isa = PBXFileReference; lastKnownFileType = wrapper.framework; name = ImageIO.framework; path = System/Library/Frameworks/ImageIO.framework; sourceTree = SDKROOT; };
		7451C8E921E8745800C42F1F /* FluctSDKResources.bundle */ = {isa = PBXFileReference; lastKnownFileType = "wrapper.plug-in"; path = FluctSDKResources.bundle; sourceTree = "<group>"; };
		7451C8EA21E8745800C42F1F /* FluctSDK.framework */ = {isa = PBXFileReference; lastKnownFileType = wrapper.framework; path = FluctSDK.framework; sourceTree = "<group>"; };
		75C0AC1621C0BA270074AA86 /* EventKit.framework */ = {isa = PBXFileReference; lastKnownFileType = wrapper.framework; name = EventKit.framework; path = System/Library/Frameworks/EventKit.framework; sourceTree = SDKROOT; };
		75C0AC1821C0BA2B0074AA86 /* MessageUI.framework */ = {isa = PBXFileReference; lastKnownFileType = wrapper.framework; name = MessageUI.framework; path = System/Library/Frameworks/MessageUI.framework; sourceTree = SDKROOT; };
		75C0AC1A21C0BA320074AA86 /* WatchConnectivity.framework */ = {isa = PBXFileReference; lastKnownFileType = wrapper.framework; name = WatchConnectivity.framework; path = System/Library/Frameworks/WatchConnectivity.framework; sourceTree = SDKROOT; };
		75C0AC1C21C0BA380074AA86 /* JavaScriptCore.framework */ = {isa = PBXFileReference; lastKnownFileType = wrapper.framework; name = JavaScriptCore.framework; path = System/Library/Frameworks/JavaScriptCore.framework; sourceTree = SDKROOT; };
		75C0AC1E21C0BA3D0074AA86 /* libc++.tbd */ = {isa = PBXFileReference; lastKnownFileType = "sourcecode.text-based-dylib-definition"; name = "libc++.tbd"; path = "usr/lib/libc++.tbd"; sourceTree = SDKROOT; };
		75C0AC2021C0BA440074AA86 /* libz.tbd */ = {isa = PBXFileReference; lastKnownFileType = "sourcecode.text-based-dylib-definition"; name = libz.tbd; path = usr/lib/libz.tbd; sourceTree = SDKROOT; };
		75C0AC2221C0BA490074AA86 /* libxml2.tbd */ = {isa = PBXFileReference; lastKnownFileType = "sourcecode.text-based-dylib-definition"; name = libxml2.tbd; path = usr/lib/libxml2.tbd; sourceTree = SDKROOT; };
		75C0AC2421C0BA4E0074AA86 /* libsqlite3.0.tbd */ = {isa = PBXFileReference; lastKnownFileType = "sourcecode.text-based-dylib-definition"; name = libsqlite3.0.tbd; path = usr/lib/libsqlite3.0.tbd; sourceTree = SDKROOT; };
		75CDFC0422A4E9120085B18D /* FSSRewardedVideoCustomEventMintegral.h */ = {isa = PBXFileReference; fileEncoding = 4; lastKnownFileType = sourcecode.c.h; path = FSSRewardedVideoCustomEventMintegral.h; sourceTree = "<group>"; };
		75CDFC0522A4E9120085B18D /* FSSRewardedVideoCustomEventMintegral.m */ = {isa = PBXFileReference; fileEncoding = 4; lastKnownFileType = sourcecode.c.objc; path = FSSRewardedVideoCustomEventMintegral.m; sourceTree = "<group>"; };
		75CDFC0622A4E9120085B18D /* MTGSDK.framework */ = {isa = PBXFileReference; lastKnownFileType = wrapper.framework; path = MTGSDK.framework; sourceTree = "<group>"; };
		75CDFC0722A4E9120085B18D /* MTGSDKReward.framework */ = {isa = PBXFileReference; lastKnownFileType = wrapper.framework; path = MTGSDKReward.framework; sourceTree = "<group>"; };
		75DB9A2B21CB55FA00A999ED /* FSSRewardedVideoConditionObserver.h */ = {isa = PBXFileReference; fileEncoding = 4; lastKnownFileType = sourcecode.c.h; path = FSSRewardedVideoConditionObserver.h; sourceTree = "<group>"; };
		75DB9A2C21CB55FA00A999ED /* FSSRewardedVideoUnityAdsManager.h */ = {isa = PBXFileReference; fileEncoding = 4; lastKnownFileType = sourcecode.c.h; path = FSSRewardedVideoUnityAdsManager.h; sourceTree = "<group>"; };
		75DB9A2D21CB55FA00A999ED /* FSSRewardedVideoCustomEventUnityAds.h */ = {isa = PBXFileReference; fileEncoding = 4; lastKnownFileType = sourcecode.c.h; path = FSSRewardedVideoCustomEventUnityAds.h; sourceTree = "<group>"; };
		75DB9A2E21CB55FA00A999ED /* UnityAds.framework */ = {isa = PBXFileReference; lastKnownFileType = wrapper.framework; path = UnityAds.framework; sourceTree = "<group>"; };
		75DB9A2F21CB55FA00A999ED /* FSSRewardedVideoCustomEventUnityAds.m */ = {isa = PBXFileReference; fileEncoding = 4; lastKnownFileType = sourcecode.c.objc; path = FSSRewardedVideoCustomEventUnityAds.m; sourceTree = "<group>"; };
		75DB9A3021CB55FA00A999ED /* FSSRewardedVideoUnityAdsManager.m */ = {isa = PBXFileReference; fileEncoding = 4; lastKnownFileType = sourcecode.c.objc; path = FSSRewardedVideoUnityAdsManager.m; sourceTree = "<group>"; };
		75DB9A3121CB55FA00A999ED /* FSSRewardedVideoConditionObserver.m */ = {isa = PBXFileReference; fileEncoding = 4; lastKnownFileType = sourcecode.c.objc; path = FSSRewardedVideoConditionObserver.m; sourceTree = "<group>"; };
		75DB9A3321CB55FA00A999ED /* FSSRewardedVideoCustomEventTapjoy.h */ = {isa = PBXFileReference; fileEncoding = 4; lastKnownFileType = sourcecode.c.h; path = FSSRewardedVideoCustomEventTapjoy.h; sourceTree = "<group>"; };
		75DB9A3521CB55FA00A999ED /* Tapjoy.framework */ = {isa = PBXFileReference; lastKnownFileType = wrapper.framework; path = Tapjoy.framework; sourceTree = "<group>"; };
		75DB9A3721CB55FA00A999ED /* TapjoyResources.bundle */ = {isa = PBXFileReference; lastKnownFileType = "wrapper.plug-in"; path = TapjoyResources.bundle; sourceTree = "<group>"; };
		75DB9A3821CB55FA00A999ED /* FSSRewardedVideoCustomEventTapjoy.m */ = {isa = PBXFileReference; fileEncoding = 4; lastKnownFileType = sourcecode.c.objc; path = FSSRewardedVideoCustomEventTapjoy.m; sourceTree = "<group>"; };
		75DB9A3A21CB55FA00A999ED /* FSSRewardedVideoCustomEventAppLovin.h */ = {isa = PBXFileReference; fileEncoding = 4; lastKnownFileType = sourcecode.c.h; path = FSSRewardedVideoCustomEventAppLovin.h; sourceTree = "<group>"; };
		75DB9A3B21CB55FA00A999ED /* AppLovinSDK.framework */ = {isa = PBXFileReference; lastKnownFileType = wrapper.framework; path = AppLovinSDK.framework; sourceTree = "<group>"; };
		75DB9A3C21CB55FA00A999ED /* FSSRewardedVideoCustomEventAppLovin.m */ = {isa = PBXFileReference; fileEncoding = 4; lastKnownFileType = sourcecode.c.objc; path = FSSRewardedVideoCustomEventAppLovin.m; sourceTree = "<group>"; };
		75DB9A3E21CB55FA00A999ED /* FSSRewardedVideoAdColonyManager.h */ = {isa = PBXFileReference; fileEncoding = 4; lastKnownFileType = sourcecode.c.h; path = FSSRewardedVideoAdColonyManager.h; sourceTree = "<group>"; };
		75DB9A3F21CB55FA00A999ED /* FSSRewardedVideoCustomEventAdColony.m */ = {isa = PBXFileReference; fileEncoding = 4; lastKnownFileType = sourcecode.c.objc; path = FSSRewardedVideoCustomEventAdColony.m; sourceTree = "<group>"; };
		75DB9A4021CB55FA00A999ED /* FSSRewardedVideoAdColonyManager.m */ = {isa = PBXFileReference; fileEncoding = 4; lastKnownFileType = sourcecode.c.objc; path = FSSRewardedVideoAdColonyManager.m; sourceTree = "<group>"; };
		75DB9A4121CB55FA00A999ED /* FSSRewardedVideoCustomEventAdColony.h */ = {isa = PBXFileReference; fileEncoding = 4; lastKnownFileType = sourcecode.c.h; path = FSSRewardedVideoCustomEventAdColony.h; sourceTree = "<group>"; };
		75DB9A4221CB55FA00A999ED /* AdColony.framework */ = {isa = PBXFileReference; lastKnownFileType = wrapper.framework; path = AdColony.framework; sourceTree = "<group>"; };
		75DB9A4421CB55FA00A999ED /* FSSRewardedVideoCustomEventMaio.h */ = {isa = PBXFileReference; fileEncoding = 4; lastKnownFileType = sourcecode.c.h; path = FSSRewardedVideoCustomEventMaio.h; sourceTree = "<group>"; };
		75DB9A4521CB55FA00A999ED /* FSSRewardedVideoMaioManager.h */ = {isa = PBXFileReference; fileEncoding = 4; lastKnownFileType = sourcecode.c.h; path = FSSRewardedVideoMaioManager.h; sourceTree = "<group>"; };
		75DB9A4621CB55FA00A999ED /* FSSRewardedVideoCustomEventMaio.m */ = {isa = PBXFileReference; fileEncoding = 4; lastKnownFileType = sourcecode.c.objc; path = FSSRewardedVideoCustomEventMaio.m; sourceTree = "<group>"; };
		75DB9A4721CB55FA00A999ED /* FSSRewardedVideoMaioManager.m */ = {isa = PBXFileReference; fileEncoding = 4; lastKnownFileType = sourcecode.c.objc; path = FSSRewardedVideoMaioManager.m; sourceTree = "<group>"; };
		75DB9A4821CB55FA00A999ED /* Maio.framework */ = {isa = PBXFileReference; lastKnownFileType = wrapper.framework; path = Maio.framework; sourceTree = "<group>"; };
		75DB9A4A21CB55FA00A999ED /* FSSRewardedVideoCustomEventNend.m */ = {isa = PBXFileReference; fileEncoding = 4; lastKnownFileType = sourcecode.c.objc; path = FSSRewardedVideoCustomEventNend.m; sourceTree = "<group>"; };
		75DB9A4C21CB55FA00A999ED /* NendAd.framework */ = {isa = PBXFileReference; lastKnownFileType = wrapper.framework; path = NendAd.framework; sourceTree = "<group>"; };
		75DB9A4E21CB55FA00A999ED /* NendAdResource.bundle */ = {isa = PBXFileReference; lastKnownFileType = "wrapper.plug-in"; path = NendAdResource.bundle; sourceTree = "<group>"; };
		75DB9A4F21CB55FA00A999ED /* FSSRewardedVideoCustomEventNend.h */ = {isa = PBXFileReference; fileEncoding = 4; lastKnownFileType = sourcecode.c.h; path = FSSRewardedVideoCustomEventNend.h; sourceTree = "<group>"; };
		9614D1BD1DF7E89200AC935E /* BannerTableViewCell.h */ = {isa = PBXFileReference; fileEncoding = 4; lastKnownFileType = sourcecode.c.h; path = BannerTableViewCell.h; sourceTree = "<group>"; };
		9614D1BE1DF7E89200AC935E /* BannerTableViewCell.m */ = {isa = PBXFileReference; fileEncoding = 4; lastKnownFileType = sourcecode.c.objc; path = BannerTableViewCell.m; sourceTree = "<group>"; };
		9614D1C01DF7E8A800AC935E /* BannerTableViewController.h */ = {isa = PBXFileReference; fileEncoding = 4; lastKnownFileType = sourcecode.c.h; path = BannerTableViewController.h; sourceTree = "<group>"; };
		9614D1C11DF7E8A800AC935E /* BannerTableViewController.m */ = {isa = PBXFileReference; fileEncoding = 4; lastKnownFileType = sourcecode.c.objc; path = BannerTableViewController.m; sourceTree = "<group>"; };
		96A2B0031FA30B8700BA5E71 /* WebKit.framework */ = {isa = PBXFileReference; lastKnownFileType = wrapper.framework; name = WebKit.framework; path = System/Library/Frameworks/WebKit.framework; sourceTree = SDKROOT; };
		96ABC5BE1F2579CB00C2A078 /* NativeViewController.h */ = {isa = PBXFileReference; lastKnownFileType = sourcecode.c.h; path = NativeViewController.h; sourceTree = "<group>"; };
		96ABC5BF1F2579CB00C2A078 /* NativeViewController.m */ = {isa = PBXFileReference; lastKnownFileType = sourcecode.c.objc; path = NativeViewController.m; sourceTree = "<group>"; };
		96ABC5C11F2579DC00C2A078 /* NativeTableViewController.h */ = {isa = PBXFileReference; lastKnownFileType = sourcecode.c.h; path = NativeTableViewController.h; sourceTree = "<group>"; };
		96ABC5C21F2579DC00C2A078 /* NativeTableViewController.m */ = {isa = PBXFileReference; lastKnownFileType = sourcecode.c.objc; path = NativeTableViewController.m; sourceTree = "<group>"; };
		96BE0A121FA30EA500474C66 /* MobileCoreServices.framework */ = {isa = PBXFileReference; lastKnownFileType = wrapper.framework; name = MobileCoreServices.framework; path = System/Library/Frameworks/MobileCoreServices.framework; sourceTree = SDKROOT; };
		96BE0A1B1FA30FF200474C66 /* RewardedVideoViewController.h */ = {isa = PBXFileReference; lastKnownFileType = sourcecode.c.h; path = RewardedVideoViewController.h; sourceTree = "<group>"; };
		96BE0A1C1FA30FF200474C66 /* RewardedVideoViewController.m */ = {isa = PBXFileReference; lastKnownFileType = sourcecode.c.objc; path = RewardedVideoViewController.m; sourceTree = "<group>"; };
		A3418CA518D999C5003E302C /* SampleApp.app */ = {isa = PBXFileReference; explicitFileType = wrapper.application; includeInIndex = 0; path = SampleApp.app; sourceTree = BUILT_PRODUCTS_DIR; };
		A3418CB018D999C5003E302C /* SampleApp-Info.plist */ = {isa = PBXFileReference; lastKnownFileType = text.plist.xml; path = "SampleApp-Info.plist"; sourceTree = "<group>"; };
		A3418CB218D999C5003E302C /* en */ = {isa = PBXFileReference; lastKnownFileType = text.plist.strings; name = en; path = en.lproj/InfoPlist.strings; sourceTree = "<group>"; };
		A3418CB418D999C5003E302C /* main.m */ = {isa = PBXFileReference; lastKnownFileType = sourcecode.c.objc; path = main.m; sourceTree = "<group>"; };
		A3418CB618D999C5003E302C /* SampleApp-Prefix.pch */ = {isa = PBXFileReference; lastKnownFileType = sourcecode.c.h; path = "SampleApp-Prefix.pch"; sourceTree = "<group>"; };
		A3418CB718D999C5003E302C /* AppDelegate.h */ = {isa = PBXFileReference; lastKnownFileType = sourcecode.c.h; path = AppDelegate.h; sourceTree = "<group>"; };
		A3418CB818D999C5003E302C /* AppDelegate.m */ = {isa = PBXFileReference; lastKnownFileType = sourcecode.c.objc; path = AppDelegate.m; sourceTree = "<group>"; };
		A3418CC018D999C5003E302C /* ViewController.h */ = {isa = PBXFileReference; lastKnownFileType = sourcecode.c.h; path = ViewController.h; sourceTree = "<group>"; };
		A3418CC118D999C5003E302C /* ViewController.m */ = {isa = PBXFileReference; lastKnownFileType = sourcecode.c.objc; path = ViewController.m; sourceTree = "<group>"; };
		A3418CC318D999C5003E302C /* Images.xcassets */ = {isa = PBXFileReference; lastKnownFileType = folder.assetcatalog; path = Images.xcassets; sourceTree = "<group>"; };
		A3418CC918D999C5003E302C /* SampleAppTests.xctest */ = {isa = PBXFileReference; explicitFileType = wrapper.cfbundle; includeInIndex = 0; path = SampleAppTests.xctest; sourceTree = BUILT_PRODUCTS_DIR; };
		A3418CD218D999C5003E302C /* SampleAppTests-Info.plist */ = {isa = PBXFileReference; lastKnownFileType = text.plist.xml; path = "SampleAppTests-Info.plist"; sourceTree = "<group>"; };
		A3418CD418D999C5003E302C /* en */ = {isa = PBXFileReference; lastKnownFileType = text.plist.strings; name = en; path = en.lproj/InfoPlist.strings; sourceTree = "<group>"; };
		A3418CD618D999C5003E302C /* SampleAppTests.m */ = {isa = PBXFileReference; lastKnownFileType = sourcecode.c.objc; path = SampleAppTests.m; sourceTree = "<group>"; };
		A3418CE018D9A040003E302C /* BannerViewController.h */ = {isa = PBXFileReference; fileEncoding = 4; lastKnownFileType = sourcecode.c.h; path = BannerViewController.h; sourceTree = "<group>"; };
		A3418CE118D9A040003E302C /* BannerViewController.m */ = {isa = PBXFileReference; fileEncoding = 4; lastKnownFileType = sourcecode.c.objc; path = BannerViewController.m; sourceTree = "<group>"; };
		A3418CEF18D9AA25003E302C /* ManyBannerViewController.h */ = {isa = PBXFileReference; fileEncoding = 4; lastKnownFileType = sourcecode.c.h; path = ManyBannerViewController.h; sourceTree = "<group>"; };
		A3418CF018D9AA25003E302C /* ManyBannerViewController.m */ = {isa = PBXFileReference; fileEncoding = 4; lastKnownFileType = sourcecode.c.objc; path = ManyBannerViewController.m; sourceTree = "<group>"; };
		A3E2EE3918E2CDD0004C511C /* en */ = {isa = PBXFileReference; lastKnownFileType = file.storyboard; name = en; path = en.lproj/Main.storyboard; sourceTree = "<group>"; };
		A3E7215118DAEFA900A3ABF1 /* InterstitialViewController.h */ = {isa = PBXFileReference; fileEncoding = 4; lastKnownFileType = sourcecode.c.h; path = InterstitialViewController.h; sourceTree = "<group>"; };
		A3E7215218DAEFA900A3ABF1 /* InterstitialViewController.m */ = {isa = PBXFileReference; fileEncoding = 4; lastKnownFileType = sourcecode.c.objc; path = InterstitialViewController.m; sourceTree = "<group>"; };
/* End PBXFileReference section */

/* Begin PBXFrameworksBuildPhase section */
		A3418CA218D999C5003E302C /* Frameworks */ = {
			isa = PBXFrameworksBuildPhase;
			buildActionMask = 2147483647;
			files = (
				75DB9A5E21CB55FA00A999ED /* Maio.framework in Frameworks */,
				75C0AC2521C0BA4E0074AA86 /* libsqlite3.0.tbd in Frameworks */,
				75CDFC0D22A4E9120085B18D /* MTGSDK.framework in Frameworks */,
				7451C8EC21E8745800C42F1F /* FluctSDK.framework in Frameworks */,
				75C0AC2321C0BA490074AA86 /* libxml2.tbd in Frameworks */,
				75DB9A5721CB55FA00A999ED /* AppLovinSDK.framework in Frameworks */,
				75C0AC2121C0BA440074AA86 /* libz.tbd in Frameworks */,
				75DB9A5B21CB55FA00A999ED /* AdColony.framework in Frameworks */,
				75C0AC1F21C0BA3D0074AA86 /* libc++.tbd in Frameworks */,
				75C0AC1D21C0BA380074AA86 /* JavaScriptCore.framework in Frameworks */,
				75C0AC1B21C0BA320074AA86 /* WatchConnectivity.framework in Frameworks */,
				75C0AC1921C0BA2C0074AA86 /* MessageUI.framework in Frameworks */,
				75C0AC1721C0BA270074AA86 /* EventKit.framework in Frameworks */,
				3AB37653207F1C7600BA82F4 /* ImageIO.framework in Frameworks */,
				75CDFC0E22A4E9120085B18D /* MTGSDKReward.framework in Frameworks */,
				75DB9A5421CB55FA00A999ED /* Tapjoy.framework in Frameworks */,
				96A2B0041FA30B8700BA5E71 /* WebKit.framework in Frameworks */,
				75DB9A6021CB55FA00A999ED /* NendAd.framework in Frameworks */,
				75DB9A5021CB55FA00A999ED /* UnityAds.framework in Frameworks */,
			);
			runOnlyForDeploymentPostprocessing = 0;
		};
		A3418CC618D999C5003E302C /* Frameworks */ = {
			isa = PBXFrameworksBuildPhase;
			buildActionMask = 2147483647;
			files = (
			);
			runOnlyForDeploymentPostprocessing = 0;
		};
/* End PBXFrameworksBuildPhase section */

/* Begin PBXGroup section */
		7451C8E721E8745800C42F1F /* FluctSDK.embeddedframework */ = {
			isa = PBXGroup;
			children = (
				7451C8E821E8745800C42F1F /* Resources */,
				7451C8EA21E8745800C42F1F /* FluctSDK.framework */,
			);
			name = FluctSDK.embeddedframework;
			path = SampleApp/FluctSDK.embeddedframework;
			sourceTree = SOURCE_ROOT;
		};
		7451C8E821E8745800C42F1F /* Resources */ = {
			isa = PBXGroup;
			children = (
				7451C8E921E8745800C42F1F /* FluctSDKResources.bundle */,
			);
			path = Resources;
			sourceTree = "<group>";
		};
		75CDFC0322A4E9120085B18D /* Mintegral */ = {
			isa = PBXGroup;
			children = (
				75CDFC0422A4E9120085B18D /* FSSRewardedVideoCustomEventMintegral.h */,
				75CDFC0522A4E9120085B18D /* FSSRewardedVideoCustomEventMintegral.m */,
				75CDFC0622A4E9120085B18D /* MTGSDK.framework */,
				75CDFC0722A4E9120085B18D /* MTGSDKReward.framework */,
			);
			path = Mintegral;
			sourceTree = "<group>";
		};
		75DB9A2921CB55FA00A999ED /* FluctSDK-AdnetworkSupport */ = {
			isa = PBXGroup;
			children = (
				75DB9A3D21CB55FA00A999ED /* AdColony */,
				75DB9A3921CB55FA00A999ED /* AppLovin */,
				75DB9A4321CB55FA00A999ED /* maio */,
				75CDFC0322A4E9120085B18D /* Mintegral */,
				75DB9A4921CB55FA00A999ED /* nend */,
				75DB9A3221CB55FA00A999ED /* Tapjoy */,
				75DB9A2A21CB55FA00A999ED /* UnityAds */,
			);
			path = "FluctSDK-AdnetworkSupport";
			sourceTree = "<group>";
		};
		75DB9A2A21CB55FA00A999ED /* UnityAds */ = {
			isa = PBXGroup;
			children = (
				75DB9A2B21CB55FA00A999ED /* FSSRewardedVideoConditionObserver.h */,
				75DB9A2C21CB55FA00A999ED /* FSSRewardedVideoUnityAdsManager.h */,
				75DB9A2D21CB55FA00A999ED /* FSSRewardedVideoCustomEventUnityAds.h */,
				75DB9A2E21CB55FA00A999ED /* UnityAds.framework */,
				75DB9A2F21CB55FA00A999ED /* FSSRewardedVideoCustomEventUnityAds.m */,
				75DB9A3021CB55FA00A999ED /* FSSRewardedVideoUnityAdsManager.m */,
				75DB9A3121CB55FA00A999ED /* FSSRewardedVideoConditionObserver.m */,
			);
			path = UnityAds;
			sourceTree = "<group>";
		};
		75DB9A3221CB55FA00A999ED /* Tapjoy */ = {
			isa = PBXGroup;
			children = (
				75DB9A3321CB55FA00A999ED /* FSSRewardedVideoCustomEventTapjoy.h */,
				75DB9A3421CB55FA00A999ED /* Tapjoy.embeddedframework */,
				75DB9A3821CB55FA00A999ED /* FSSRewardedVideoCustomEventTapjoy.m */,
			);
			path = Tapjoy;
			sourceTree = "<group>";
		};
		75DB9A3421CB55FA00A999ED /* Tapjoy.embeddedframework */ = {
			isa = PBXGroup;
			children = (
				75DB9A3521CB55FA00A999ED /* Tapjoy.framework */,
				75DB9A3621CB55FA00A999ED /* Resources */,
			);
			path = Tapjoy.embeddedframework;
			sourceTree = "<group>";
		};
		75DB9A3621CB55FA00A999ED /* Resources */ = {
			isa = PBXGroup;
			children = (
				75DB9A3721CB55FA00A999ED /* TapjoyResources.bundle */,
			);
			path = Resources;
			sourceTree = "<group>";
		};
		75DB9A3921CB55FA00A999ED /* AppLovin */ = {
			isa = PBXGroup;
			children = (
				75DB9A3A21CB55FA00A999ED /* FSSRewardedVideoCustomEventAppLovin.h */,
				75DB9A3B21CB55FA00A999ED /* AppLovinSDK.framework */,
				75DB9A3C21CB55FA00A999ED /* FSSRewardedVideoCustomEventAppLovin.m */,
			);
			path = AppLovin;
			sourceTree = "<group>";
		};
		75DB9A3D21CB55FA00A999ED /* AdColony */ = {
			isa = PBXGroup;
			children = (
				75DB9A3E21CB55FA00A999ED /* FSSRewardedVideoAdColonyManager.h */,
				75DB9A3F21CB55FA00A999ED /* FSSRewardedVideoCustomEventAdColony.m */,
				75DB9A4021CB55FA00A999ED /* FSSRewardedVideoAdColonyManager.m */,
				75DB9A4121CB55FA00A999ED /* FSSRewardedVideoCustomEventAdColony.h */,
				75DB9A4221CB55FA00A999ED /* AdColony.framework */,
			);
			path = AdColony;
			sourceTree = "<group>";
		};
		75DB9A4321CB55FA00A999ED /* maio */ = {
			isa = PBXGroup;
			children = (
				75DB9A4421CB55FA00A999ED /* FSSRewardedVideoCustomEventMaio.h */,
				75DB9A4521CB55FA00A999ED /* FSSRewardedVideoMaioManager.h */,
				75DB9A4621CB55FA00A999ED /* FSSRewardedVideoCustomEventMaio.m */,
				75DB9A4721CB55FA00A999ED /* FSSRewardedVideoMaioManager.m */,
				75DB9A4821CB55FA00A999ED /* Maio.framework */,
			);
			path = maio;
			sourceTree = "<group>";
		};
		75DB9A4921CB55FA00A999ED /* nend */ = {
			isa = PBXGroup;
			children = (
				75DB9A4A21CB55FA00A999ED /* FSSRewardedVideoCustomEventNend.m */,
				75DB9A4B21CB55FA00A999ED /* NendAd.embeddedframework */,
				75DB9A4F21CB55FA00A999ED /* FSSRewardedVideoCustomEventNend.h */,
			);
			path = nend;
			sourceTree = "<group>";
		};
		75DB9A4B21CB55FA00A999ED /* NendAd.embeddedframework */ = {
			isa = PBXGroup;
			children = (
				75DB9A4C21CB55FA00A999ED /* NendAd.framework */,
				75DB9A4D21CB55FA00A999ED /* Resources */,
			);
			path = NendAd.embeddedframework;
			sourceTree = "<group>";
		};
		75DB9A4D21CB55FA00A999ED /* Resources */ = {
			isa = PBXGroup;
			children = (
				75DB9A4E21CB55FA00A999ED /* NendAdResource.bundle */,
			);
			path = Resources;
			sourceTree = "<group>";
		};
		96BE0A1A1FA30FD700474C66 /* RewardedVideo */ = {
			isa = PBXGroup;
			children = (
				96BE0A1B1FA30FF200474C66 /* RewardedVideoViewController.h */,
				96BE0A1C1FA30FF200474C66 /* RewardedVideoViewController.m */,
			);
			path = RewardedVideo;
			sourceTree = "<group>";
		};
		96C87E711F15FEA800D90AC3 /* Banner */ = {
			isa = PBXGroup;
			children = (
				A3418CE018D9A040003E302C /* BannerViewController.h */,
				A3418CE118D9A040003E302C /* BannerViewController.m */,
				A3418CEF18D9AA25003E302C /* ManyBannerViewController.h */,
				A3418CF018D9AA25003E302C /* ManyBannerViewController.m */,
				3A24EC9F1D810B600014B706 /* BannerTabBarController.h */,
				3A24ECA01D810B600014B706 /* BannerTabBarController.m */,
				3A24ECA21D81207E0014B706 /* BannerNavigationController.h */,
				3A24ECA31D81207E0014B706 /* BannerNavigationController.m */,
				9614D1BD1DF7E89200AC935E /* BannerTableViewCell.h */,
				9614D1BE1DF7E89200AC935E /* BannerTableViewCell.m */,
				9614D1C01DF7E8A800AC935E /* BannerTableViewController.h */,
				9614D1C11DF7E8A800AC935E /* BannerTableViewController.m */,
			);
			path = Banner;
			sourceTree = "<group>";
		};
		96C87E721F15FEB000D90AC3 /* Interstitial */ = {
			isa = PBXGroup;
			children = (
				A3E7215118DAEFA900A3ABF1 /* InterstitialViewController.h */,
				A3E7215218DAEFA900A3ABF1 /* InterstitialViewController.m */,
			);
			path = Interstitial;
			sourceTree = "<group>";
		};
		96C87E731F15FEB900D90AC3 /* Native */ = {
			isa = PBXGroup;
			children = (
				96ABC5BE1F2579CB00C2A078 /* NativeViewController.h */,
				96ABC5BF1F2579CB00C2A078 /* NativeViewController.m */,
				96ABC5C11F2579DC00C2A078 /* NativeTableViewController.h */,
				96ABC5C21F2579DC00C2A078 /* NativeTableViewController.m */,
			);
			path = Native;
			sourceTree = "<group>";
		};
		A3418C9C18D999C5003E302C = {
			isa = PBXGroup;
			children = (
				A3418CAE18D999C5003E302C /* SampleApp */,
				A3418CD018D999C5003E302C /* SampleAppTests */,
				A3418CA718D999C5003E302C /* Frameworks */,
				A3418CA618D999C5003E302C /* Products */,
			);
			sourceTree = "<group>";
		};
		A3418CA618D999C5003E302C /* Products */ = {
			isa = PBXGroup;
			children = (
				A3418CA518D999C5003E302C /* SampleApp.app */,
				A3418CC918D999C5003E302C /* SampleAppTests.xctest */,
			);
			name = Products;
			sourceTree = "<group>";
		};
		A3418CA718D999C5003E302C /* Frameworks */ = {
			isa = PBXGroup;
			children = (
				75C0AC2421C0BA4E0074AA86 /* libsqlite3.0.tbd */,
				75C0AC2221C0BA490074AA86 /* libxml2.tbd */,
				75C0AC2021C0BA440074AA86 /* libz.tbd */,
				75C0AC1E21C0BA3D0074AA86 /* libc++.tbd */,
				75C0AC1C21C0BA380074AA86 /* JavaScriptCore.framework */,
				75C0AC1A21C0BA320074AA86 /* WatchConnectivity.framework */,
				75C0AC1821C0BA2B0074AA86 /* MessageUI.framework */,
				75C0AC1621C0BA270074AA86 /* EventKit.framework */,
				3AB37652207F1C7600BA82F4 /* ImageIO.framework */,
				96BE0A121FA30EA500474C66 /* MobileCoreServices.framework */,
				96A2B0031FA30B8700BA5E71 /* WebKit.framework */,
			);
			name = Frameworks;
			sourceTree = "<group>";
		};
		A3418CAE18D999C5003E302C /* SampleApp */ = {
			isa = PBXGroup;
			children = (
				A3418CB718D999C5003E302C /* AppDelegate.h */,
				A3418CC018D999C5003E302C /* ViewController.h */,
				A3418CB818D999C5003E302C /* AppDelegate.m */,
				A3418CC118D999C5003E302C /* ViewController.m */,
				A3418CC318D999C5003E302C /* Images.xcassets */,
				96C87E711F15FEA800D90AC3 /* Banner */,
				7451C8E721E8745800C42F1F /* FluctSDK.embeddedframework */,
				75DB9A2921CB55FA00A999ED /* FluctSDK-AdnetworkSupport */,
				96C87E721F15FEB000D90AC3 /* Interstitial */,
				A3418CBA18D999C5003E302C /* Main.storyboard */,
				96C87E731F15FEB900D90AC3 /* Native */,
				96BE0A1A1FA30FD700474C66 /* RewardedVideo */,
				A3418CAF18D999C5003E302C /* Supporting Files */,
			);
			path = SampleApp;
			sourceTree = "<group>";
		};
		A3418CAF18D999C5003E302C /* Supporting Files */ = {
			isa = PBXGroup;
			children = (
				A3418CB018D999C5003E302C /* SampleApp-Info.plist */,
				A3418CB118D999C5003E302C /* InfoPlist.strings */,
				A3418CB418D999C5003E302C /* main.m */,
				A3418CB618D999C5003E302C /* SampleApp-Prefix.pch */,
			);
			name = "Supporting Files";
			sourceTree = "<group>";
		};
		A3418CD018D999C5003E302C /* SampleAppTests */ = {
			isa = PBXGroup;
			children = (
				A3418CD618D999C5003E302C /* SampleAppTests.m */,
				A3418CD118D999C5003E302C /* Supporting Files */,
			);
			path = SampleAppTests;
			sourceTree = "<group>";
		};
		A3418CD118D999C5003E302C /* Supporting Files */ = {
			isa = PBXGroup;
			children = (
				A3418CD218D999C5003E302C /* SampleAppTests-Info.plist */,
				A3418CD318D999C5003E302C /* InfoPlist.strings */,
			);
			name = "Supporting Files";
			sourceTree = "<group>";
		};
/* End PBXGroup section */

/* Begin PBXNativeTarget section */
		A3418CA418D999C5003E302C /* SampleApp */ = {
			isa = PBXNativeTarget;
			buildConfigurationList = A3418CDA18D999C5003E302C /* Build configuration list for PBXNativeTarget "SampleApp" */;
			buildPhases = (
				A3418CA118D999C5003E302C /* Sources */,
				A3418CA218D999C5003E302C /* Frameworks */,
				A3418CA318D999C5003E302C /* Resources */,
			);
			buildRules = (
			);
			dependencies = (
			);
			name = SampleApp;
			productName = SampleApp;
			productReference = A3418CA518D999C5003E302C /* SampleApp.app */;
			productType = "com.apple.product-type.application";
		};
		A3418CC818D999C5003E302C /* SampleAppTests */ = {
			isa = PBXNativeTarget;
			buildConfigurationList = A3418CDD18D999C5003E302C /* Build configuration list for PBXNativeTarget "SampleAppTests" */;
			buildPhases = (
				A3418CC518D999C5003E302C /* Sources */,
				A3418CC618D999C5003E302C /* Frameworks */,
				A3418CC718D999C5003E302C /* Resources */,
			);
			buildRules = (
			);
			dependencies = (
				A3418CCF18D999C5003E302C /* PBXTargetDependency */,
			);
			name = SampleAppTests;
			productName = SampleAppTests;
			productReference = A3418CC918D999C5003E302C /* SampleAppTests.xctest */;
			productType = "com.apple.product-type.bundle.unit-test";
		};
/* End PBXNativeTarget section */

/* Begin PBXProject section */
		A3418C9D18D999C5003E302C /* Project object */ = {
			isa = PBXProject;
			attributes = {
				LastUpgradeCheck = 1020;
				ORGANIZATIONNAME = "fluct, Inc";
				TargetAttributes = {
					A3418CA418D999C5003E302C = {
						ProvisioningStyle = Automatic;
					};
					A3418CC818D999C5003E302C = {
						TestTargetID = A3418CA418D999C5003E302C;
					};
				};
			};
			buildConfigurationList = A3418CA018D999C5003E302C /* Build configuration list for PBXProject "SampleApp" */;
			compatibilityVersion = "Xcode 3.2";
			developmentRegion = en;
			hasScannedForEncodings = 0;
			knownRegions = (
				en,
				Base,
			);
			mainGroup = A3418C9C18D999C5003E302C;
			productRefGroup = A3418CA618D999C5003E302C /* Products */;
			projectDirPath = "";
			projectRoot = "";
			targets = (
				A3418CA418D999C5003E302C /* SampleApp */,
				A3418CC818D999C5003E302C /* SampleAppTests */,
			);
		};
/* End PBXProject section */

/* Begin PBXResourcesBuildPhase section */
		A3418CA318D999C5003E302C /* Resources */ = {
			isa = PBXResourcesBuildPhase;
			buildActionMask = 2147483647;
			files = (
				75DB9A6121CB55FA00A999ED /* NendAdResource.bundle in Resources */,
				A3418CC418D999C5003E302C /* Images.xcassets in Resources */,
				7451C8EB21E8745800C42F1F /* FluctSDKResources.bundle in Resources */,
				A3418CBC18D999C5003E302C /* Main.storyboard in Resources */,
				75DB9A5521CB55FA00A999ED /* TapjoyResources.bundle in Resources */,
				A3418CB318D999C5003E302C /* InfoPlist.strings in Resources */,
			);
			runOnlyForDeploymentPostprocessing = 0;
		};
		A3418CC718D999C5003E302C /* Resources */ = {
			isa = PBXResourcesBuildPhase;
			buildActionMask = 2147483647;
			files = (
				A3418CD518D999C5003E302C /* InfoPlist.strings in Resources */,
			);
			runOnlyForDeploymentPostprocessing = 0;
		};
/* End PBXResourcesBuildPhase section */

/* Begin PBXSourcesBuildPhase section */
		A3418CA118D999C5003E302C /* Sources */ = {
			isa = PBXSourcesBuildPhase;
			buildActionMask = 2147483647;
			files = (
				96ABC5C01F2579CB00C2A078 /* NativeViewController.m in Sources */,
				3A24ECA11D810B600014B706 /* BannerTabBarController.m in Sources */,
				3A24ECA41D81207E0014B706 /* BannerNavigationController.m in Sources */,
				75DB9A5A21CB55FA00A999ED /* FSSRewardedVideoAdColonyManager.m in Sources */,
				A3418CF118D9AA25003E302C /* ManyBannerViewController.m in Sources */,
				75DB9A5921CB55FA00A999ED /* FSSRewardedVideoCustomEventAdColony.m in Sources */,
				9614D1BF1DF7E89200AC935E /* BannerTableViewCell.m in Sources */,
				A3418CE218D9A040003E302C /* BannerViewController.m in Sources */,
				A3418CC218D999C5003E302C /* ViewController.m in Sources */,
				75DB9A5121CB55FA00A999ED /* FSSRewardedVideoCustomEventUnityAds.m in Sources */,
				75CDFC0C22A4E9120085B18D /* FSSRewardedVideoCustomEventMintegral.m in Sources */,
				96BE0A1D1FA30FF200474C66 /* RewardedVideoViewController.m in Sources */,
				75DB9A5221CB55FA00A999ED /* FSSRewardedVideoUnityAdsManager.m in Sources */,
				75DB9A5D21CB55FA00A999ED /* FSSRewardedVideoMaioManager.m in Sources */,
				A3418CB918D999C5003E302C /* AppDelegate.m in Sources */,
				75DB9A5821CB55FA00A999ED /* FSSRewardedVideoCustomEventAppLovin.m in Sources */,
				96ABC5C31F2579DC00C2A078 /* NativeTableViewController.m in Sources */,
				9614D1C21DF7E8A800AC935E /* BannerTableViewController.m in Sources */,
				A3E7215318DAEFA900A3ABF1 /* InterstitialViewController.m in Sources */,
				75DB9A5C21CB55FA00A999ED /* FSSRewardedVideoCustomEventMaio.m in Sources */,
				75DB9A5621CB55FA00A999ED /* FSSRewardedVideoCustomEventTapjoy.m in Sources */,
				75DB9A5321CB55FA00A999ED /* FSSRewardedVideoConditionObserver.m in Sources */,
				75DB9A5F21CB55FA00A999ED /* FSSRewardedVideoCustomEventNend.m in Sources */,
				A3418CB518D999C5003E302C /* main.m in Sources */,
			);
			runOnlyForDeploymentPostprocessing = 0;
		};
		A3418CC518D999C5003E302C /* Sources */ = {
			isa = PBXSourcesBuildPhase;
			buildActionMask = 2147483647;
			files = (
				A3418CD718D999C5003E302C /* SampleAppTests.m in Sources */,
			);
			runOnlyForDeploymentPostprocessing = 0;
		};
/* End PBXSourcesBuildPhase section */

/* Begin PBXTargetDependency section */
		A3418CCF18D999C5003E302C /* PBXTargetDependency */ = {
			isa = PBXTargetDependency;
			target = A3418CA418D999C5003E302C /* SampleApp */;
			targetProxy = A3418CCE18D999C5003E302C /* PBXContainerItemProxy */;
		};
/* End PBXTargetDependency section */

/* Begin PBXVariantGroup section */
		A3418CB118D999C5003E302C /* InfoPlist.strings */ = {
			isa = PBXVariantGroup;
			children = (
				A3418CB218D999C5003E302C /* en */,
			);
			name = InfoPlist.strings;
			sourceTree = "<group>";
		};
		A3418CBA18D999C5003E302C /* Main.storyboard */ = {
			isa = PBXVariantGroup;
			children = (
				A3E2EE3918E2CDD0004C511C /* en */,
			);
			name = Main.storyboard;
			sourceTree = "<group>";
		};
		A3418CD318D999C5003E302C /* InfoPlist.strings */ = {
			isa = PBXVariantGroup;
			children = (
				A3418CD418D999C5003E302C /* en */,
			);
			name = InfoPlist.strings;
			sourceTree = "<group>";
		};
/* End PBXVariantGroup section */

/* Begin XCBuildConfiguration section */
		A3418CD818D999C5003E302C /* Debug */ = {
			isa = XCBuildConfiguration;
			buildSettings = {
				ALWAYS_SEARCH_USER_PATHS = NO;
				CLANG_CXX_LANGUAGE_STANDARD = "gnu++0x";
				CLANG_CXX_LIBRARY = "libc++";
				CLANG_ENABLE_MODULES = YES;
				CLANG_ENABLE_OBJC_ARC = YES;
				CLANG_WARN_BLOCK_CAPTURE_AUTORELEASING = YES;
				CLANG_WARN_BOOL_CONVERSION = YES;
				CLANG_WARN_COMMA = YES;
				CLANG_WARN_CONSTANT_CONVERSION = YES;
				CLANG_WARN_DEPRECATED_OBJC_IMPLEMENTATIONS = YES;
				CLANG_WARN_DIRECT_OBJC_ISA_USAGE = YES_ERROR;
				CLANG_WARN_EMPTY_BODY = YES;
				CLANG_WARN_ENUM_CONVERSION = YES;
				CLANG_WARN_INFINITE_RECURSION = YES;
				CLANG_WARN_INT_CONVERSION = YES;
				CLANG_WARN_NON_LITERAL_NULL_CONVERSION = YES;
				CLANG_WARN_OBJC_IMPLICIT_RETAIN_SELF = YES;
				CLANG_WARN_OBJC_LITERAL_CONVERSION = YES;
				CLANG_WARN_OBJC_ROOT_CLASS = YES_ERROR;
				CLANG_WARN_RANGE_LOOP_ANALYSIS = YES;
				CLANG_WARN_STRICT_PROTOTYPES = YES;
				CLANG_WARN_SUSPICIOUS_MOVE = YES;
				CLANG_WARN_UNREACHABLE_CODE = YES;
				CLANG_WARN__DUPLICATE_METHOD_MATCH = YES;
				"CODE_SIGN_IDENTITY[sdk=iphoneos*]" = "iPhone Developer";
				COPY_PHASE_STRIP = NO;
				ENABLE_STRICT_OBJC_MSGSEND = YES;
				ENABLE_TESTABILITY = YES;
				GCC_C_LANGUAGE_STANDARD = gnu99;
				GCC_DYNAMIC_NO_PIC = NO;
				GCC_NO_COMMON_BLOCKS = YES;
				GCC_OPTIMIZATION_LEVEL = 0;
				GCC_PREPROCESSOR_DEFINITIONS = (
					"DEBUG=1",
					"$(inherited)",
				);
				GCC_SYMBOLS_PRIVATE_EXTERN = NO;
				GCC_TREAT_WARNINGS_AS_ERRORS = YES;
				GCC_WARN_64_TO_32_BIT_CONVERSION = YES;
				GCC_WARN_ABOUT_RETURN_TYPE = YES_ERROR;
				GCC_WARN_UNDECLARED_SELECTOR = YES;
				GCC_WARN_UNINITIALIZED_AUTOS = YES_AGGRESSIVE;
				GCC_WARN_UNUSED_FUNCTION = YES;
				GCC_WARN_UNUSED_VARIABLE = YES;
				IPHONEOS_DEPLOYMENT_TARGET = 8.1;
				ONLY_ACTIVE_ARCH = YES;
				OTHER_LDFLAGS = "-ObjC";
				SDKROOT = iphoneos;
				TARGETED_DEVICE_FAMILY = "1,2";
				VALID_ARCHS = "$(ARCHS_STANDARD)";
			};
			name = Debug;
		};
		A3418CD918D999C5003E302C /* Release */ = {
			isa = XCBuildConfiguration;
			buildSettings = {
				ALWAYS_SEARCH_USER_PATHS = NO;
				CLANG_CXX_LANGUAGE_STANDARD = "gnu++0x";
				CLANG_CXX_LIBRARY = "libc++";
				CLANG_ENABLE_MODULES = YES;
				CLANG_ENABLE_OBJC_ARC = YES;
				CLANG_WARN_BLOCK_CAPTURE_AUTORELEASING = YES;
				CLANG_WARN_BOOL_CONVERSION = YES;
				CLANG_WARN_COMMA = YES;
				CLANG_WARN_CONSTANT_CONVERSION = YES;
				CLANG_WARN_DEPRECATED_OBJC_IMPLEMENTATIONS = YES;
				CLANG_WARN_DIRECT_OBJC_ISA_USAGE = YES_ERROR;
				CLANG_WARN_EMPTY_BODY = YES;
				CLANG_WARN_ENUM_CONVERSION = YES;
				CLANG_WARN_INFINITE_RECURSION = YES;
				CLANG_WARN_INT_CONVERSION = YES;
				CLANG_WARN_NON_LITERAL_NULL_CONVERSION = YES;
				CLANG_WARN_OBJC_IMPLICIT_RETAIN_SELF = YES;
				CLANG_WARN_OBJC_LITERAL_CONVERSION = YES;
				CLANG_WARN_OBJC_ROOT_CLASS = YES_ERROR;
				CLANG_WARN_RANGE_LOOP_ANALYSIS = YES;
				CLANG_WARN_STRICT_PROTOTYPES = YES;
				CLANG_WARN_SUSPICIOUS_MOVE = YES;
				CLANG_WARN_UNREACHABLE_CODE = YES;
				CLANG_WARN__DUPLICATE_METHOD_MATCH = YES;
				"CODE_SIGN_IDENTITY[sdk=iphoneos*]" = "iPhone Developer";
				COPY_PHASE_STRIP = YES;
				ENABLE_NS_ASSERTIONS = NO;
				ENABLE_STRICT_OBJC_MSGSEND = YES;
				GCC_C_LANGUAGE_STANDARD = gnu99;
				GCC_NO_COMMON_BLOCKS = YES;
				GCC_TREAT_WARNINGS_AS_ERRORS = YES;
				GCC_WARN_64_TO_32_BIT_CONVERSION = YES;
				GCC_WARN_ABOUT_RETURN_TYPE = YES_ERROR;
				GCC_WARN_UNDECLARED_SELECTOR = YES;
				GCC_WARN_UNINITIALIZED_AUTOS = YES_AGGRESSIVE;
				GCC_WARN_UNUSED_FUNCTION = YES;
				GCC_WARN_UNUSED_VARIABLE = YES;
				IPHONEOS_DEPLOYMENT_TARGET = 8.1;
				ONLY_ACTIVE_ARCH = YES;
				OTHER_LDFLAGS = "-ObjC";
				SDKROOT = iphoneos;
				TARGETED_DEVICE_FAMILY = "1,2";
				VALIDATE_PRODUCT = YES;
				VALID_ARCHS = "$(ARCHS_STANDARD)";
			};
			name = Release;
		};
		A3418CDB18D999C5003E302C /* Debug */ = {
			isa = XCBuildConfiguration;
			buildSettings = {
				ASSETCATALOG_COMPILER_APPICON_NAME = AppIcon;
				ASSETCATALOG_COMPILER_LAUNCHIMAGE_NAME = LaunchImage;
				CODE_SIGN_IDENTITY = "iPhone Developer";
				CODE_SIGN_STYLE = Automatic;
				DEVELOPMENT_TEAM = "";
				ENABLE_BITCODE = YES;
				FRAMEWORK_SEARCH_PATHS = (
					"$(PROJECT_DIR)/SampleApp/FluctSDK-AdnetworkSupport/UnityAds",
					"$(PROJECT_DIR)/SampleApp/FluctSDK-AdnetworkSupport/Tapjoy/Tapjoy.embeddedframework",
					"$(PROJECT_DIR)/SampleApp/FluctSDK-AdnetworkSupport/AppLovin",
					"$(PROJECT_DIR)/SampleApp/FluctSDK-AdnetworkSupport/AdColony",
					"$(PROJECT_DIR)/SampleApp/FluctSDK-AdnetworkSupport/maio",
					"$(PROJECT_DIR)/SampleApp/FluctSDK-AdnetworkSupport/nend/NendAd.embeddedframework",
					"$(PROJECT_DIR)/SampleApp/FluctSDK.embeddedframework",
					"$(PROJECT_DIR)/SampleApp/FluctSDK-AdnetworkSupport/Mintegral",
					"$(PROJECT_DIR)/SampleApp/FluctSDK-AdnetworkSupport/AdCorsa",
				);
				GCC_PRECOMPILE_PREFIX_HEADER = YES;
				GCC_PREFIX_HEADER = "SampleApp/SampleApp-Prefix.pch";
				GCC_PREPROCESSOR_DEFINITIONS = (
					"DEBUG=1",
					"$(inherited)",
					"TEST_SERVER_REQUEST=1",
				);
				INFOPLIST_FILE = "SampleApp/SampleApp-Info.plist";
				LIBRARY_SEARCH_PATHS = "$(inherited)";
				ONLY_ACTIVE_ARCH = NO;
				OTHER_LDFLAGS = "-ObjC";
				PRODUCT_BUNDLE_IDENTIFIER = "jp.co.voyagegroup.fluct.${PRODUCT_NAME:rfc1034identifier}";
				PRODUCT_NAME = "$(TARGET_NAME)";
				PROVISIONING_PROFILE_SPECIFIER = "";
				WRAPPER_EXTENSION = app;
			};
			name = Debug;
		};
		A3418CDC18D999C5003E302C /* Release */ = {
			isa = XCBuildConfiguration;
			buildSettings = {
				ASSETCATALOG_COMPILER_APPICON_NAME = AppIcon;
				ASSETCATALOG_COMPILER_LAUNCHIMAGE_NAME = LaunchImage;
				CODE_SIGN_IDENTITY = "iPhone Developer";
				CODE_SIGN_STYLE = Automatic;
				DEVELOPMENT_TEAM = "";
				ENABLE_BITCODE = YES;
				FRAMEWORK_SEARCH_PATHS = (
					"$(PROJECT_DIR)/SampleApp/FluctSDK-AdnetworkSupport/UnityAds",
					"$(PROJECT_DIR)/SampleApp/FluctSDK-AdnetworkSupport/Tapjoy/Tapjoy.embeddedframework",
					"$(PROJECT_DIR)/SampleApp/FluctSDK-AdnetworkSupport/AppLovin",
					"$(PROJECT_DIR)/SampleApp/FluctSDK-AdnetworkSupport/AdColony",
					"$(PROJECT_DIR)/SampleApp/FluctSDK-AdnetworkSupport/maio",
					"$(PROJECT_DIR)/SampleApp/FluctSDK-AdnetworkSupport/nend/NendAd.embeddedframework",
					"$(PROJECT_DIR)/SampleApp/FluctSDK.embeddedframework",
					"$(PROJECT_DIR)/SampleApp/FluctSDK-AdnetworkSupport/Mintegral",
					"$(PROJECT_DIR)/SampleApp/FluctSDK-AdnetworkSupport/AdCorsa",
				);
				GCC_PRECOMPILE_PREFIX_HEADER = YES;
				GCC_PREFIX_HEADER = "SampleApp/SampleApp-Prefix.pch";
				INFOPLIST_FILE = "SampleApp/SampleApp-Info.plist";
				LIBRARY_SEARCH_PATHS = "$(inherited)";
				ONLY_ACTIVE_ARCH = NO;
				OTHER_LDFLAGS = "-ObjC";
				PRODUCT_BUNDLE_IDENTIFIER = "jp.co.voyagegroup.fluct.${PRODUCT_NAME:rfc1034identifier}";
				PRODUCT_NAME = "$(TARGET_NAME)";
				PROVISIONING_PROFILE_SPECIFIER = "";
				WRAPPER_EXTENSION = app;
			};
			name = Release;
		};
		A3418CDE18D999C5003E302C /* Debug */ = {
			isa = XCBuildConfiguration;
			buildSettings = {
				BUNDLE_LOADER = "$(BUILT_PRODUCTS_DIR)/SampleApp.app/SampleApp";
				FRAMEWORK_SEARCH_PATHS = (
					"$(SDKROOT)/Developer/Library/Frameworks",
					"$(inherited)",
					"$(DEVELOPER_FRAMEWORKS_DIR)",
				);
				GCC_PRECOMPILE_PREFIX_HEADER = YES;
				GCC_PREFIX_HEADER = "SampleApp/SampleApp-Prefix.pch";
				GCC_PREPROCESSOR_DEFINITIONS = (
					"DEBUG=1",
					"$(inherited)",
				);
				INFOPLIST_FILE = "SampleAppTests/SampleAppTests-Info.plist";
				PRODUCT_BUNDLE_IDENTIFIER = "com.voyagegroup.${PRODUCT_NAME:rfc1034identifier}";
				PRODUCT_NAME = "$(TARGET_NAME)";
				TEST_HOST = "$(BUNDLE_LOADER)";
				WRAPPER_EXTENSION = xctest;
			};
			name = Debug;
		};
		A3418CDF18D999C5003E302C /* Release */ = {
			isa = XCBuildConfiguration;
			buildSettings = {
				BUNDLE_LOADER = "$(BUILT_PRODUCTS_DIR)/SampleApp.app/SampleApp";
				FRAMEWORK_SEARCH_PATHS = (
					"$(SDKROOT)/Developer/Library/Frameworks",
					"$(inherited)",
					"$(DEVELOPER_FRAMEWORKS_DIR)",
				);
				GCC_PRECOMPILE_PREFIX_HEADER = YES;
				GCC_PREFIX_HEADER = "SampleApp/SampleApp-Prefix.pch";
				INFOPLIST_FILE = "SampleAppTests/SampleAppTests-Info.plist";
				PRODUCT_BUNDLE_IDENTIFIER = "com.voyagegroup.${PRODUCT_NAME:rfc1034identifier}";
				PRODUCT_NAME = "$(TARGET_NAME)";
				TEST_HOST = "$(BUNDLE_LOADER)";
				WRAPPER_EXTENSION = xctest;
			};
			name = Release;
		};
/* End XCBuildConfiguration section */

/* Begin XCConfigurationList section */
		A3418CA018D999C5003E302C /* Build configuration list for PBXProject "SampleApp" */ = {
			isa = XCConfigurationList;
			buildConfigurations = (
				A3418CD818D999C5003E302C /* Debug */,
				A3418CD918D999C5003E302C /* Release */,
			);
			defaultConfigurationIsVisible = 0;
			defaultConfigurationName = Release;
		};
		A3418CDA18D999C5003E302C /* Build configuration list for PBXNativeTarget "SampleApp" */ = {
			isa = XCConfigurationList;
			buildConfigurations = (
				A3418CDB18D999C5003E302C /* Debug */,
				A3418CDC18D999C5003E302C /* Release */,
			);
			defaultConfigurationIsVisible = 0;
			defaultConfigurationName = Release;
		};
		A3418CDD18D999C5003E302C /* Build configuration list for PBXNativeTarget "SampleAppTests" */ = {
			isa = XCConfigurationList;
			buildConfigurations = (
				A3418CDE18D999C5003E302C /* Debug */,
				A3418CDF18D999C5003E302C /* Release */,
			);
			defaultConfigurationIsVisible = 0;
			defaultConfigurationName = Release;
		};
/* End XCConfigurationList section */
	};
	rootObject = A3418C9D18D999C5003E302C /* Project object */;
}
