// !$*UTF8*$!
{
	archiveVersion = 1;
	classes = {
	};
	objectVersion = 46;
	objects = {

/* Begin PBXBuildFile section */
		3A1810D8207F2DC900D584AD /* ImageIO.framework in Frameworks */ = {isa = PBXBuildFile; fileRef = 3A1810D7207F2DC900D584AD /* ImageIO.framework */; };
		3A24ECA81D812CCC0014B706 /* TabBarController.swift in Sources */ = {isa = PBXBuildFile; fileRef = 3A24ECA71D812CCC0014B706 /* TabBarController.swift */; };
		3A6AADB11D8148DA005D94C1 /* BannerNavigationController.swift in Sources */ = {isa = PBXBuildFile; fileRef = 3A6AADB01D8148DA005D94C1 /* BannerNavigationController.swift */; };
		3ADBC1981D825A62003D7AB3 /* ViewController.swift in Sources */ = {isa = PBXBuildFile; fileRef = 3ADBC1971D825A62003D7AB3 /* ViewController.swift */; };
		7451C8F121E874E000C42F1F /* FluctSDKResources.bundle in Resources */ = {isa = PBXBuildFile; fileRef = 7451C8EF21E874E000C42F1F /* FluctSDKResources.bundle */; };
		7451C8F221E874E000C42F1F /* FluctSDK.framework in Frameworks */ = {isa = PBXBuildFile; fileRef = 7451C8F021E874E000C42F1F /* FluctSDK.framework */; };
		7519965421C0B507007C62CE /* EventKit.framework in Frameworks */ = {isa = PBXBuildFile; fileRef = 7519965321C0B507007C62CE /* EventKit.framework */; };
		7519965621C0B522007C62CE /* MessageUI.framework in Frameworks */ = {isa = PBXBuildFile; fileRef = 7519965521C0B521007C62CE /* MessageUI.framework */; };
		7519965821C0B54E007C62CE /* WatchConnectivity.framework in Frameworks */ = {isa = PBXBuildFile; fileRef = 7519965721C0B54E007C62CE /* WatchConnectivity.framework */; };
		7519965A21C0B554007C62CE /* JavaScriptCore.framework in Frameworks */ = {isa = PBXBuildFile; fileRef = 7519965921C0B554007C62CE /* JavaScriptCore.framework */; };
		7519965C21C0B596007C62CE /* libsqlite3.0.tbd in Frameworks */ = {isa = PBXBuildFile; fileRef = 7519965B21C0B596007C62CE /* libsqlite3.0.tbd */; };
		7519965E21C0B59D007C62CE /* libxml2.tbd in Frameworks */ = {isa = PBXBuildFile; fileRef = 7519965D21C0B59D007C62CE /* libxml2.tbd */; };
		7519966021C0B5A6007C62CE /* libz.tbd in Frameworks */ = {isa = PBXBuildFile; fileRef = 7519965F21C0B5A6007C62CE /* libz.tbd */; };
		7519966221C0B5AD007C62CE /* libc++.tbd in Frameworks */ = {isa = PBXBuildFile; fileRef = 7519966121C0B5AD007C62CE /* libc++.tbd */; };
		757D0C9422A4EE22002B33D3 /* FSSRewardedVideoCustomEventMintegral.m in Sources */ = {isa = PBXBuildFile; fileRef = 757D0C8F22A4EE22002B33D3 /* FSSRewardedVideoCustomEventMintegral.m */; };
		757D0C9522A4EE22002B33D3 /* MTGSDK.framework in Frameworks */ = {isa = PBXBuildFile; fileRef = 757D0C9022A4EE22002B33D3 /* MTGSDK.framework */; };
		757D0C9622A4EE22002B33D3 /* MTGSDKReward.framework in Frameworks */ = {isa = PBXBuildFile; fileRef = 757D0C9122A4EE22002B33D3 /* MTGSDKReward.framework */; };
		7580FA9921CB567D00653042 /* UnityAds.framework in Frameworks */ = {isa = PBXBuildFile; fileRef = 7580FA7721CB567C00653042 /* UnityAds.framework */; };
		7580FA9A21CB567D00653042 /* FSSRewardedVideoCustomEventUnityAds.m in Sources */ = {isa = PBXBuildFile; fileRef = 7580FA7821CB567C00653042 /* FSSRewardedVideoCustomEventUnityAds.m */; };
		7580FA9B21CB567D00653042 /* FSSRewardedVideoUnityAdsManager.m in Sources */ = {isa = PBXBuildFile; fileRef = 7580FA7921CB567C00653042 /* FSSRewardedVideoUnityAdsManager.m */; };
		7580FA9C21CB567D00653042 /* FSSRewardedVideoConditionObserver.m in Sources */ = {isa = PBXBuildFile; fileRef = 7580FA7A21CB567C00653042 /* FSSRewardedVideoConditionObserver.m */; };
		7580FA9D21CB567D00653042 /* Tapjoy.framework in Frameworks */ = {isa = PBXBuildFile; fileRef = 7580FA7E21CB567C00653042 /* Tapjoy.framework */; };
		7580FA9E21CB567D00653042 /* TapjoyResources.bundle in Resources */ = {isa = PBXBuildFile; fileRef = 7580FA8021CB567D00653042 /* TapjoyResources.bundle */; };
		7580FA9F21CB567D00653042 /* FSSRewardedVideoCustomEventTapjoy.m in Sources */ = {isa = PBXBuildFile; fileRef = 7580FA8121CB567D00653042 /* FSSRewardedVideoCustomEventTapjoy.m */; };
		7580FAA021CB567D00653042 /* AppLovinSDK.framework in Frameworks */ = {isa = PBXBuildFile; fileRef = 7580FA8421CB567D00653042 /* AppLovinSDK.framework */; };
		7580FAA121CB567D00653042 /* FSSRewardedVideoCustomEventAppLovin.m in Sources */ = {isa = PBXBuildFile; fileRef = 7580FA8521CB567D00653042 /* FSSRewardedVideoCustomEventAppLovin.m */; };
		7580FAA221CB567D00653042 /* FSSRewardedVideoCustomEventAdColony.m in Sources */ = {isa = PBXBuildFile; fileRef = 7580FA8821CB567D00653042 /* FSSRewardedVideoCustomEventAdColony.m */; };
		7580FAA321CB567D00653042 /* FSSRewardedVideoAdColonyManager.m in Sources */ = {isa = PBXBuildFile; fileRef = 7580FA8921CB567D00653042 /* FSSRewardedVideoAdColonyManager.m */; };
		7580FAA421CB567D00653042 /* AdColony.framework in Frameworks */ = {isa = PBXBuildFile; fileRef = 7580FA8B21CB567D00653042 /* AdColony.framework */; };
		7580FAA521CB567D00653042 /* FSSRewardedVideoCustomEventMaio.m in Sources */ = {isa = PBXBuildFile; fileRef = 7580FA8F21CB567D00653042 /* FSSRewardedVideoCustomEventMaio.m */; };
		7580FAA621CB567D00653042 /* FSSRewardedVideoMaioManager.m in Sources */ = {isa = PBXBuildFile; fileRef = 7580FA9021CB567D00653042 /* FSSRewardedVideoMaioManager.m */; };
		7580FAA721CB567D00653042 /* Maio.framework in Frameworks */ = {isa = PBXBuildFile; fileRef = 7580FA9121CB567D00653042 /* Maio.framework */; };
		7580FAA821CB567D00653042 /* FSSRewardedVideoCustomEventNend.m in Sources */ = {isa = PBXBuildFile; fileRef = 7580FA9321CB567D00653042 /* FSSRewardedVideoCustomEventNend.m */; };
		7580FAA921CB567D00653042 /* NendAd.framework in Frameworks */ = {isa = PBXBuildFile; fileRef = 7580FA9521CB567D00653042 /* NendAd.framework */; };
		7580FAAA21CB567D00653042 /* NendAdResource.bundle in Resources */ = {isa = PBXBuildFile; fileRef = 7580FA9721CB567D00653042 /* NendAdResource.bundle */; };
		960884221F9EC23B005F65FD /* RewardedVideoViewController.swift in Sources */ = {isa = PBXBuildFile; fileRef = 960884211F9EC23A005F65FD /* RewardedVideoViewController.swift */; };
		9661EEFA1F15FDAE00286B72 /* NativeViewController.swift in Sources */ = {isa = PBXBuildFile; fileRef = 9661EEF91F15FDAE00286B72 /* NativeViewController.swift */; };
		9661EEFC1F15FDD800286B72 /* NativeTableViewController.swift in Sources */ = {isa = PBXBuildFile; fileRef = 9661EEFB1F15FDD800286B72 /* NativeTableViewController.swift */; };
		966CC73C1DF7C98C0005EF1C /* BannerTableViewController.swift in Sources */ = {isa = PBXBuildFile; fileRef = 966CC73B1DF7C98C0005EF1C /* BannerTableViewController.swift */; };
		966CC73E1DF7C9B50005EF1C /* BannerTableViewCell.swift in Sources */ = {isa = PBXBuildFile; fileRef = 966CC73D1DF7C9B50005EF1C /* BannerTableViewCell.swift */; };
		969EC2001D3E0CF7005F475E /* ManyBannerViewController.swift in Sources */ = {isa = PBXBuildFile; fileRef = 969EC1FF1D3E0CF7005F475E /* ManyBannerViewController.swift */; };
		969EC2021D3E11C1005F475E /* InterstitialViewController.swift in Sources */ = {isa = PBXBuildFile; fileRef = 969EC2011D3E11C1005F475E /* InterstitialViewController.swift */; };
		96D530F41F25DC22008B1066 /* FooterNativeViewController.swift in Sources */ = {isa = PBXBuildFile; fileRef = 96D530F31F25DC22008B1066 /* FooterNativeViewController.swift */; };
		96F22C371D3899D300C3136E /* AppDelegate.swift in Sources */ = {isa = PBXBuildFile; fileRef = 96F22C361D3899D300C3136E /* AppDelegate.swift */; };
		96F22C391D3899D300C3136E /* BannerViewController.swift in Sources */ = {isa = PBXBuildFile; fileRef = 96F22C381D3899D300C3136E /* BannerViewController.swift */; };
		96F22C3C1D3899D300C3136E /* Main.storyboard in Resources */ = {isa = PBXBuildFile; fileRef = 96F22C3A1D3899D300C3136E /* Main.storyboard */; };
		96F22C3E1D3899D300C3136E /* Assets.xcassets in Resources */ = {isa = PBXBuildFile; fileRef = 96F22C3D1D3899D300C3136E /* Assets.xcassets */; };
		96F22C411D3899D300C3136E /* LaunchScreen.storyboard in Resources */ = {isa = PBXBuildFile; fileRef = 96F22C3F1D3899D300C3136E /* LaunchScreen.storyboard */; };
		96F871C21FA175B3000C48F9 /* WebKit.framework in Frameworks */ = {isa = PBXBuildFile; fileRef = 96E978841FA0761800125A02 /* WebKit.framework */; };
/* End PBXBuildFile section */

/* Begin PBXFileReference section */
		3A1810D7207F2DC900D584AD /* ImageIO.framework */ = {isa = PBXFileReference; lastKnownFileType = wrapper.framework; name = ImageIO.framework; path = System/Library/Frameworks/ImageIO.framework; sourceTree = SDKROOT; };
		3A24ECA71D812CCC0014B706 /* TabBarController.swift */ = {isa = PBXFileReference; fileEncoding = 4; lastKnownFileType = sourcecode.swift; path = TabBarController.swift; sourceTree = "<group>"; };
		3A6AADB01D8148DA005D94C1 /* BannerNavigationController.swift */ = {isa = PBXFileReference; fileEncoding = 4; lastKnownFileType = sourcecode.swift; path = BannerNavigationController.swift; sourceTree = "<group>"; };
		3ADBC1971D825A62003D7AB3 /* ViewController.swift */ = {isa = PBXFileReference; fileEncoding = 4; lastKnownFileType = sourcecode.swift; path = ViewController.swift; sourceTree = "<group>"; };
		7451C8EF21E874E000C42F1F /* FluctSDKResources.bundle */ = {isa = PBXFileReference; lastKnownFileType = "wrapper.plug-in"; path = FluctSDKResources.bundle; sourceTree = "<group>"; };
		7451C8F021E874E000C42F1F /* FluctSDK.framework */ = {isa = PBXFileReference; lastKnownFileType = wrapper.framework; path = FluctSDK.framework; sourceTree = "<group>"; };
		7519965321C0B507007C62CE /* EventKit.framework */ = {isa = PBXFileReference; lastKnownFileType = wrapper.framework; name = EventKit.framework; path = System/Library/Frameworks/EventKit.framework; sourceTree = SDKROOT; };
		7519965521C0B521007C62CE /* MessageUI.framework */ = {isa = PBXFileReference; lastKnownFileType = wrapper.framework; name = MessageUI.framework; path = System/Library/Frameworks/MessageUI.framework; sourceTree = SDKROOT; };
		7519965721C0B54E007C62CE /* WatchConnectivity.framework */ = {isa = PBXFileReference; lastKnownFileType = wrapper.framework; name = WatchConnectivity.framework; path = System/Library/Frameworks/WatchConnectivity.framework; sourceTree = SDKROOT; };
		7519965921C0B554007C62CE /* JavaScriptCore.framework */ = {isa = PBXFileReference; lastKnownFileType = wrapper.framework; name = JavaScriptCore.framework; path = System/Library/Frameworks/JavaScriptCore.framework; sourceTree = SDKROOT; };
		7519965B21C0B596007C62CE /* libsqlite3.0.tbd */ = {isa = PBXFileReference; lastKnownFileType = "sourcecode.text-based-dylib-definition"; name = libsqlite3.0.tbd; path = usr/lib/libsqlite3.0.tbd; sourceTree = SDKROOT; };
		7519965D21C0B59D007C62CE /* libxml2.tbd */ = {isa = PBXFileReference; lastKnownFileType = "sourcecode.text-based-dylib-definition"; name = libxml2.tbd; path = usr/lib/libxml2.tbd; sourceTree = SDKROOT; };
		7519965F21C0B5A6007C62CE /* libz.tbd */ = {isa = PBXFileReference; lastKnownFileType = "sourcecode.text-based-dylib-definition"; name = libz.tbd; path = usr/lib/libz.tbd; sourceTree = SDKROOT; };
		7519966121C0B5AD007C62CE /* libc++.tbd */ = {isa = PBXFileReference; lastKnownFileType = "sourcecode.text-based-dylib-definition"; name = "libc++.tbd"; path = "usr/lib/libc++.tbd"; sourceTree = SDKROOT; };
		757D0C8E22A4EE22002B33D3 /* FSSRewardedVideoCustomEventMintegral.h */ = {isa = PBXFileReference; fileEncoding = 4; lastKnownFileType = sourcecode.c.h; path = FSSRewardedVideoCustomEventMintegral.h; sourceTree = "<group>"; };
		757D0C8F22A4EE22002B33D3 /* FSSRewardedVideoCustomEventMintegral.m */ = {isa = PBXFileReference; fileEncoding = 4; lastKnownFileType = sourcecode.c.objc; path = FSSRewardedVideoCustomEventMintegral.m; sourceTree = "<group>"; };
		757D0C9022A4EE22002B33D3 /* MTGSDK.framework */ = {isa = PBXFileReference; lastKnownFileType = wrapper.framework; path = MTGSDK.framework; sourceTree = "<group>"; };
		757D0C9122A4EE22002B33D3 /* MTGSDKReward.framework */ = {isa = PBXFileReference; lastKnownFileType = wrapper.framework; path = MTGSDKReward.framework; sourceTree = "<group>"; };
		7580FA7421CB567C00653042 /* FSSRewardedVideoConditionObserver.h */ = {isa = PBXFileReference; fileEncoding = 4; lastKnownFileType = sourcecode.c.h; path = FSSRewardedVideoConditionObserver.h; sourceTree = "<group>"; };
		7580FA7521CB567C00653042 /* FSSRewardedVideoUnityAdsManager.h */ = {isa = PBXFileReference; fileEncoding = 4; lastKnownFileType = sourcecode.c.h; path = FSSRewardedVideoUnityAdsManager.h; sourceTree = "<group>"; };
		7580FA7621CB567C00653042 /* FSSRewardedVideoCustomEventUnityAds.h */ = {isa = PBXFileReference; fileEncoding = 4; lastKnownFileType = sourcecode.c.h; path = FSSRewardedVideoCustomEventUnityAds.h; sourceTree = "<group>"; };
		7580FA7721CB567C00653042 /* UnityAds.framework */ = {isa = PBXFileReference; lastKnownFileType = wrapper.framework; path = UnityAds.framework; sourceTree = "<group>"; };
		7580FA7821CB567C00653042 /* FSSRewardedVideoCustomEventUnityAds.m */ = {isa = PBXFileReference; fileEncoding = 4; lastKnownFileType = sourcecode.c.objc; path = FSSRewardedVideoCustomEventUnityAds.m; sourceTree = "<group>"; };
		7580FA7921CB567C00653042 /* FSSRewardedVideoUnityAdsManager.m */ = {isa = PBXFileReference; fileEncoding = 4; lastKnownFileType = sourcecode.c.objc; path = FSSRewardedVideoUnityAdsManager.m; sourceTree = "<group>"; };
		7580FA7A21CB567C00653042 /* FSSRewardedVideoConditionObserver.m */ = {isa = PBXFileReference; fileEncoding = 4; lastKnownFileType = sourcecode.c.objc; path = FSSRewardedVideoConditionObserver.m; sourceTree = "<group>"; };
		7580FA7C21CB567C00653042 /* FSSRewardedVideoCustomEventTapjoy.h */ = {isa = PBXFileReference; fileEncoding = 4; lastKnownFileType = sourcecode.c.h; path = FSSRewardedVideoCustomEventTapjoy.h; sourceTree = "<group>"; };
		7580FA7E21CB567C00653042 /* Tapjoy.framework */ = {isa = PBXFileReference; lastKnownFileType = wrapper.framework; path = Tapjoy.framework; sourceTree = "<group>"; };
		7580FA8021CB567D00653042 /* TapjoyResources.bundle */ = {isa = PBXFileReference; lastKnownFileType = "wrapper.plug-in"; path = TapjoyResources.bundle; sourceTree = "<group>"; };
		7580FA8121CB567D00653042 /* FSSRewardedVideoCustomEventTapjoy.m */ = {isa = PBXFileReference; fileEncoding = 4; lastKnownFileType = sourcecode.c.objc; path = FSSRewardedVideoCustomEventTapjoy.m; sourceTree = "<group>"; };
		7580FA8321CB567D00653042 /* FSSRewardedVideoCustomEventAppLovin.h */ = {isa = PBXFileReference; fileEncoding = 4; lastKnownFileType = sourcecode.c.h; path = FSSRewardedVideoCustomEventAppLovin.h; sourceTree = "<group>"; };
		7580FA8421CB567D00653042 /* AppLovinSDK.framework */ = {isa = PBXFileReference; lastKnownFileType = wrapper.framework; path = AppLovinSDK.framework; sourceTree = "<group>"; };
		7580FA8521CB567D00653042 /* FSSRewardedVideoCustomEventAppLovin.m */ = {isa = PBXFileReference; fileEncoding = 4; lastKnownFileType = sourcecode.c.objc; path = FSSRewardedVideoCustomEventAppLovin.m; sourceTree = "<group>"; };
		7580FA8721CB567D00653042 /* FSSRewardedVideoAdColonyManager.h */ = {isa = PBXFileReference; fileEncoding = 4; lastKnownFileType = sourcecode.c.h; path = FSSRewardedVideoAdColonyManager.h; sourceTree = "<group>"; };
		7580FA8821CB567D00653042 /* FSSRewardedVideoCustomEventAdColony.m */ = {isa = PBXFileReference; fileEncoding = 4; lastKnownFileType = sourcecode.c.objc; path = FSSRewardedVideoCustomEventAdColony.m; sourceTree = "<group>"; };
		7580FA8921CB567D00653042 /* FSSRewardedVideoAdColonyManager.m */ = {isa = PBXFileReference; fileEncoding = 4; lastKnownFileType = sourcecode.c.objc; path = FSSRewardedVideoAdColonyManager.m; sourceTree = "<group>"; };
		7580FA8A21CB567D00653042 /* FSSRewardedVideoCustomEventAdColony.h */ = {isa = PBXFileReference; fileEncoding = 4; lastKnownFileType = sourcecode.c.h; path = FSSRewardedVideoCustomEventAdColony.h; sourceTree = "<group>"; };
		7580FA8B21CB567D00653042 /* AdColony.framework */ = {isa = PBXFileReference; lastKnownFileType = wrapper.framework; path = AdColony.framework; sourceTree = "<group>"; };
		7580FA8D21CB567D00653042 /* FSSRewardedVideoCustomEventMaio.h */ = {isa = PBXFileReference; fileEncoding = 4; lastKnownFileType = sourcecode.c.h; path = FSSRewardedVideoCustomEventMaio.h; sourceTree = "<group>"; };
		7580FA8E21CB567D00653042 /* FSSRewardedVideoMaioManager.h */ = {isa = PBXFileReference; fileEncoding = 4; lastKnownFileType = sourcecode.c.h; path = FSSRewardedVideoMaioManager.h; sourceTree = "<group>"; };
		7580FA8F21CB567D00653042 /* FSSRewardedVideoCustomEventMaio.m */ = {isa = PBXFileReference; fileEncoding = 4; lastKnownFileType = sourcecode.c.objc; path = FSSRewardedVideoCustomEventMaio.m; sourceTree = "<group>"; };
		7580FA9021CB567D00653042 /* FSSRewardedVideoMaioManager.m */ = {isa = PBXFileReference; fileEncoding = 4; lastKnownFileType = sourcecode.c.objc; path = FSSRewardedVideoMaioManager.m; sourceTree = "<group>"; };
		7580FA9121CB567D00653042 /* Maio.framework */ = {isa = PBXFileReference; lastKnownFileType = wrapper.framework; path = Maio.framework; sourceTree = "<group>"; };
		7580FA9321CB567D00653042 /* FSSRewardedVideoCustomEventNend.m */ = {isa = PBXFileReference; fileEncoding = 4; lastKnownFileType = sourcecode.c.objc; path = FSSRewardedVideoCustomEventNend.m; sourceTree = "<group>"; };
		7580FA9521CB567D00653042 /* NendAd.framework */ = {isa = PBXFileReference; lastKnownFileType = wrapper.framework; path = NendAd.framework; sourceTree = "<group>"; };
		7580FA9721CB567D00653042 /* NendAdResource.bundle */ = {isa = PBXFileReference; lastKnownFileType = "wrapper.plug-in"; path = NendAdResource.bundle; sourceTree = "<group>"; };
		7580FA9821CB567D00653042 /* FSSRewardedVideoCustomEventNend.h */ = {isa = PBXFileReference; fileEncoding = 4; lastKnownFileType = sourcecode.c.h; path = FSSRewardedVideoCustomEventNend.h; sourceTree = "<group>"; };
		960884211F9EC23A005F65FD /* RewardedVideoViewController.swift */ = {isa = PBXFileReference; lastKnownFileType = sourcecode.swift; path = RewardedVideoViewController.swift; sourceTree = "<group>"; };
		9661EEF91F15FDAE00286B72 /* NativeViewController.swift */ = {isa = PBXFileReference; lastKnownFileType = sourcecode.swift; path = NativeViewController.swift; sourceTree = "<group>"; };
		9661EEFB1F15FDD800286B72 /* NativeTableViewController.swift */ = {isa = PBXFileReference; lastKnownFileType = sourcecode.swift; path = NativeTableViewController.swift; sourceTree = "<group>"; };
		966CC73B1DF7C98C0005EF1C /* BannerTableViewController.swift */ = {isa = PBXFileReference; fileEncoding = 4; lastKnownFileType = sourcecode.swift; path = BannerTableViewController.swift; sourceTree = "<group>"; };
		966CC73D1DF7C9B50005EF1C /* BannerTableViewCell.swift */ = {isa = PBXFileReference; fileEncoding = 4; lastKnownFileType = sourcecode.swift; path = BannerTableViewCell.swift; sourceTree = "<group>"; };
		969EC1FF1D3E0CF7005F475E /* ManyBannerViewController.swift */ = {isa = PBXFileReference; fileEncoding = 4; lastKnownFileType = sourcecode.swift; path = ManyBannerViewController.swift; sourceTree = "<group>"; };
		969EC2011D3E11C1005F475E /* InterstitialViewController.swift */ = {isa = PBXFileReference; fileEncoding = 4; lastKnownFileType = sourcecode.swift; path = InterstitialViewController.swift; sourceTree = "<group>"; };
		96D530F31F25DC22008B1066 /* FooterNativeViewController.swift */ = {isa = PBXFileReference; lastKnownFileType = sourcecode.swift; path = FooterNativeViewController.swift; sourceTree = "<group>"; };
		96E978841FA0761800125A02 /* WebKit.framework */ = {isa = PBXFileReference; lastKnownFileType = wrapper.framework; name = WebKit.framework; path = System/Library/Frameworks/WebKit.framework; sourceTree = SDKROOT; };
		96F22C331D3899D300C3136E /* SampleApp-Swift.app */ = {isa = PBXFileReference; explicitFileType = wrapper.application; includeInIndex = 0; path = "SampleApp-Swift.app"; sourceTree = BUILT_PRODUCTS_DIR; };
		96F22C361D3899D300C3136E /* AppDelegate.swift */ = {isa = PBXFileReference; lastKnownFileType = sourcecode.swift; path = AppDelegate.swift; sourceTree = "<group>"; };
		96F22C381D3899D300C3136E /* BannerViewController.swift */ = {isa = PBXFileReference; lastKnownFileType = sourcecode.swift; path = BannerViewController.swift; sourceTree = "<group>"; };
		96F22C3B1D3899D300C3136E /* Base */ = {isa = PBXFileReference; lastKnownFileType = file.storyboard; name = Base; path = Base.lproj/Main.storyboard; sourceTree = "<group>"; };
		96F22C3D1D3899D300C3136E /* Assets.xcassets */ = {isa = PBXFileReference; lastKnownFileType = folder.assetcatalog; path = Assets.xcassets; sourceTree = "<group>"; };
		96F22C401D3899D300C3136E /* Base */ = {isa = PBXFileReference; lastKnownFileType = file.storyboard; name = Base; path = Base.lproj/LaunchScreen.storyboard; sourceTree = "<group>"; };
		96F22C421D3899D300C3136E /* Info.plist */ = {isa = PBXFileReference; lastKnownFileType = text.plist.xml; path = Info.plist; sourceTree = "<group>"; };
/* End PBXFileReference section */

/* Begin PBXFrameworksBuildPhase section */
		96F22C301D3899D300C3136E /* Frameworks */ = {
			isa = PBXFrameworksBuildPhase;
			buildActionMask = 2147483647;
			files = (
				7580FAA721CB567D00653042 /* Maio.framework in Frameworks */,
				7519966221C0B5AD007C62CE /* libc++.tbd in Frameworks */,
				7451C8F221E874E000C42F1F /* FluctSDK.framework in Frameworks */,
				7519966021C0B5A6007C62CE /* libz.tbd in Frameworks */,
				7580FAA021CB567D00653042 /* AppLovinSDK.framework in Frameworks */,
				7519965E21C0B59D007C62CE /* libxml2.tbd in Frameworks */,
				7580FAA421CB567D00653042 /* AdColony.framework in Frameworks */,
				7519965C21C0B596007C62CE /* libsqlite3.0.tbd in Frameworks */,
				7519965A21C0B554007C62CE /* JavaScriptCore.framework in Frameworks */,
				7519965821C0B54E007C62CE /* WatchConnectivity.framework in Frameworks */,
				7519965621C0B522007C62CE /* MessageUI.framework in Frameworks */,
				7519965421C0B507007C62CE /* EventKit.framework in Frameworks */,
				3A1810D8207F2DC900D584AD /* ImageIO.framework in Frameworks */,
				7580FA9D21CB567D00653042 /* Tapjoy.framework in Frameworks */,
				757D0C9522A4EE22002B33D3 /* MTGSDK.framework in Frameworks */,
				96F871C21FA175B3000C48F9 /* WebKit.framework in Frameworks */,
				757D0C9622A4EE22002B33D3 /* MTGSDKReward.framework in Frameworks */,
				7580FAA921CB567D00653042 /* NendAd.framework in Frameworks */,
				7580FA9921CB567D00653042 /* UnityAds.framework in Frameworks */,
			);
			runOnlyForDeploymentPostprocessing = 0;
		};
/* End PBXFrameworksBuildPhase section */

/* Begin PBXGroup section */
		7451C8ED21E874E000C42F1F /* FluctSDK.embeddedframework */ = {
			isa = PBXGroup;
			children = (
				7451C8EE21E874E000C42F1F /* Resources */,
				7451C8F021E874E000C42F1F /* FluctSDK.framework */,
			);
			name = FluctSDK.embeddedframework;
			path = "SampleApp-Swift/FluctSDK.embeddedframework";
			sourceTree = SOURCE_ROOT;
		};
		7451C8EE21E874E000C42F1F /* Resources */ = {
			isa = PBXGroup;
			children = (
				7451C8EF21E874E000C42F1F /* FluctSDKResources.bundle */,
			);
			path = Resources;
			sourceTree = "<group>";
		};
		757D0C8D22A4EE22002B33D3 /* Mintegral */ = {
			isa = PBXGroup;
			children = (
				757D0C8E22A4EE22002B33D3 /* FSSRewardedVideoCustomEventMintegral.h */,
				757D0C8F22A4EE22002B33D3 /* FSSRewardedVideoCustomEventMintegral.m */,
				757D0C9022A4EE22002B33D3 /* MTGSDK.framework */,
				757D0C9122A4EE22002B33D3 /* MTGSDKReward.framework */,
			);
			path = Mintegral;
			sourceTree = "<group>";
		};
		7580FA7221CB567C00653042 /* FluctSDK-AdnetworkSupport */ = {
			isa = PBXGroup;
			children = (
				7580FA8621CB567D00653042 /* AdColony */,
				7580FA8221CB567D00653042 /* AppLovin */,
				7580FA8C21CB567D00653042 /* maio */,
				757D0C8D22A4EE22002B33D3 /* Mintegral */,
				7580FA9221CB567D00653042 /* nend */,
				7580FA7B21CB567C00653042 /* Tapjoy */,
				7580FA7321CB567C00653042 /* UnityAds */,
			);
			path = "FluctSDK-AdnetworkSupport";
			sourceTree = "<group>";
		};
		7580FA7321CB567C00653042 /* UnityAds */ = {
			isa = PBXGroup;
			children = (
				7580FA7421CB567C00653042 /* FSSRewardedVideoConditionObserver.h */,
				7580FA7521CB567C00653042 /* FSSRewardedVideoUnityAdsManager.h */,
				7580FA7621CB567C00653042 /* FSSRewardedVideoCustomEventUnityAds.h */,
				7580FA7721CB567C00653042 /* UnityAds.framework */,
				7580FA7821CB567C00653042 /* FSSRewardedVideoCustomEventUnityAds.m */,
				7580FA7921CB567C00653042 /* FSSRewardedVideoUnityAdsManager.m */,
				7580FA7A21CB567C00653042 /* FSSRewardedVideoConditionObserver.m */,
			);
			path = UnityAds;
			sourceTree = "<group>";
		};
		7580FA7B21CB567C00653042 /* Tapjoy */ = {
			isa = PBXGroup;
			children = (
				7580FA7C21CB567C00653042 /* FSSRewardedVideoCustomEventTapjoy.h */,
				7580FA7D21CB567C00653042 /* Tapjoy.embeddedframework */,
				7580FA8121CB567D00653042 /* FSSRewardedVideoCustomEventTapjoy.m */,
			);
			path = Tapjoy;
			sourceTree = "<group>";
		};
		7580FA7D21CB567C00653042 /* Tapjoy.embeddedframework */ = {
			isa = PBXGroup;
			children = (
				7580FA7E21CB567C00653042 /* Tapjoy.framework */,
				7580FA7F21CB567D00653042 /* Resources */,
			);
			path = Tapjoy.embeddedframework;
			sourceTree = "<group>";
		};
		7580FA7F21CB567D00653042 /* Resources */ = {
			isa = PBXGroup;
			children = (
				7580FA8021CB567D00653042 /* TapjoyResources.bundle */,
			);
			path = Resources;
			sourceTree = "<group>";
		};
		7580FA8221CB567D00653042 /* AppLovin */ = {
			isa = PBXGroup;
			children = (
				7580FA8321CB567D00653042 /* FSSRewardedVideoCustomEventAppLovin.h */,
				7580FA8421CB567D00653042 /* AppLovinSDK.framework */,
				7580FA8521CB567D00653042 /* FSSRewardedVideoCustomEventAppLovin.m */,
			);
			path = AppLovin;
			sourceTree = "<group>";
		};
		7580FA8621CB567D00653042 /* AdColony */ = {
			isa = PBXGroup;
			children = (
				7580FA8721CB567D00653042 /* FSSRewardedVideoAdColonyManager.h */,
				7580FA8821CB567D00653042 /* FSSRewardedVideoCustomEventAdColony.m */,
				7580FA8921CB567D00653042 /* FSSRewardedVideoAdColonyManager.m */,
				7580FA8A21CB567D00653042 /* FSSRewardedVideoCustomEventAdColony.h */,
				7580FA8B21CB567D00653042 /* AdColony.framework */,
			);
			path = AdColony;
			sourceTree = "<group>";
		};
		7580FA8C21CB567D00653042 /* maio */ = {
			isa = PBXGroup;
			children = (
				7580FA8D21CB567D00653042 /* FSSRewardedVideoCustomEventMaio.h */,
				7580FA8E21CB567D00653042 /* FSSRewardedVideoMaioManager.h */,
				7580FA8F21CB567D00653042 /* FSSRewardedVideoCustomEventMaio.m */,
				7580FA9021CB567D00653042 /* FSSRewardedVideoMaioManager.m */,
				7580FA9121CB567D00653042 /* Maio.framework */,
			);
			path = maio;
			sourceTree = "<group>";
		};
		7580FA9221CB567D00653042 /* nend */ = {
			isa = PBXGroup;
			children = (
				7580FA9321CB567D00653042 /* FSSRewardedVideoCustomEventNend.m */,
				7580FA9421CB567D00653042 /* NendAd.embeddedframework */,
				7580FA9821CB567D00653042 /* FSSRewardedVideoCustomEventNend.h */,
			);
			path = nend;
			sourceTree = "<group>";
		};
		7580FA9421CB567D00653042 /* NendAd.embeddedframework */ = {
			isa = PBXGroup;
			children = (
				7580FA9521CB567D00653042 /* NendAd.framework */,
				7580FA9621CB567D00653042 /* Resources */,
			);
			path = NendAd.embeddedframework;
			sourceTree = "<group>";
		};
		7580FA9621CB567D00653042 /* Resources */ = {
			isa = PBXGroup;
			children = (
				7580FA9721CB567D00653042 /* NendAdResource.bundle */,
			);
			path = Resources;
			sourceTree = "<group>";
		};
		960884201F9EC17A005F65FD /* RewardedVideo */ = {
			isa = PBXGroup;
			children = (
				960884211F9EC23A005F65FD /* RewardedVideoViewController.swift */,
			);
			path = RewardedVideo;
			sourceTree = "<group>";
		};
		9661EEF61F15FCE400286B72 /* Banner */ = {
			isa = PBXGroup;
			children = (
				96F22C381D3899D300C3136E /* BannerViewController.swift */,
				969EC1FF1D3E0CF7005F475E /* ManyBannerViewController.swift */,
				3A24ECA71D812CCC0014B706 /* TabBarController.swift */,
				3A6AADB01D8148DA005D94C1 /* BannerNavigationController.swift */,
				966CC73B1DF7C98C0005EF1C /* BannerTableViewController.swift */,
				966CC73D1DF7C9B50005EF1C /* BannerTableViewCell.swift */,
			);
			path = Banner;
			sourceTree = "<group>";
		};
		9661EEF71F15FD2D00286B72 /* Interstitial */ = {
			isa = PBXGroup;
			children = (
				969EC2011D3E11C1005F475E /* InterstitialViewController.swift */,
			);
			path = Interstitial;
			sourceTree = "<group>";
		};
		9661EEF81F15FD3B00286B72 /* Native */ = {
			isa = PBXGroup;
			children = (
				9661EEF91F15FDAE00286B72 /* NativeViewController.swift */,
				9661EEFB1F15FDD800286B72 /* NativeTableViewController.swift */,
				96D530F31F25DC22008B1066 /* FooterNativeViewController.swift */,
			);
			path = Native;
			sourceTree = "<group>";
		};
		96E978781FA0738800125A02 /* Frameworks */ = {
			isa = PBXGroup;
			children = (
				7519966121C0B5AD007C62CE /* libc++.tbd */,
				7519965F21C0B5A6007C62CE /* libz.tbd */,
				7519965D21C0B59D007C62CE /* libxml2.tbd */,
				7519965B21C0B596007C62CE /* libsqlite3.0.tbd */,
				7519965921C0B554007C62CE /* JavaScriptCore.framework */,
				7519965721C0B54E007C62CE /* WatchConnectivity.framework */,
				7519965521C0B521007C62CE /* MessageUI.framework */,
				7519965321C0B507007C62CE /* EventKit.framework */,
				3A1810D7207F2DC900D584AD /* ImageIO.framework */,
				96E978841FA0761800125A02 /* WebKit.framework */,
			);
			name = Frameworks;
			sourceTree = "<group>";
		};
		96F22C2A1D3899D300C3136E = {
			isa = PBXGroup;
			children = (
				96F22C351D3899D300C3136E /* SampleApp-Swift */,
				96F22C341D3899D300C3136E /* Products */,
				96E978781FA0738800125A02 /* Frameworks */,
			);
			sourceTree = "<group>";
		};
		96F22C341D3899D300C3136E /* Products */ = {
			isa = PBXGroup;
			children = (
				96F22C331D3899D300C3136E /* SampleApp-Swift.app */,
			);
			name = Products;
			sourceTree = "<group>";
		};
		96F22C351D3899D300C3136E /* SampleApp-Swift */ = {
			isa = PBXGroup;
			children = (
				96F22C421D3899D300C3136E /* Info.plist */,
				96F22C361D3899D300C3136E /* AppDelegate.swift */,
				3ADBC1971D825A62003D7AB3 /* ViewController.swift */,
				96F22C3D1D3899D300C3136E /* Assets.xcassets */,
				9661EEF61F15FCE400286B72 /* Banner */,
				7451C8ED21E874E000C42F1F /* FluctSDK.embeddedframework */,
				7580FA7221CB567C00653042 /* FluctSDK-AdnetworkSupport */,
				9661EEF71F15FD2D00286B72 /* Interstitial */,
				96F22C3F1D3899D300C3136E /* LaunchScreen.storyboard */,
				96F22C3A1D3899D300C3136E /* Main.storyboard */,
				9661EEF81F15FD3B00286B72 /* Native */,
				960884201F9EC17A005F65FD /* RewardedVideo */,
			);
			path = "SampleApp-Swift";
			sourceTree = "<group>";
		};
/* End PBXGroup section */

/* Begin PBXNativeTarget section */
		96F22C321D3899D300C3136E /* SampleApp-Swift */ = {
			isa = PBXNativeTarget;
			buildConfigurationList = 96F22C5B1D3899D300C3136E /* Build configuration list for PBXNativeTarget "SampleApp-Swift" */;
			buildPhases = (
				96F22C2F1D3899D300C3136E /* Sources */,
				96F22C301D3899D300C3136E /* Frameworks */,
				96F22C311D3899D300C3136E /* Resources */,
			);
			buildRules = (
			);
			dependencies = (
			);
			name = "SampleApp-Swift";
			productName = FluctSDKSwiftApp;
			productReference = 96F22C331D3899D300C3136E /* SampleApp-Swift.app */;
			productType = "com.apple.product-type.application";
		};
/* End PBXNativeTarget section */

/* Begin PBXProject section */
		96F22C2B1D3899D300C3136E /* Project object */ = {
			isa = PBXProject;
			attributes = {
				LastSwiftUpdateCheck = 0730;
				LastUpgradeCheck = 1020;
				ORGANIZATIONNAME = "fluct, Inc.";
				TargetAttributes = {
					96F22C321D3899D300C3136E = {
						CreatedOnToolsVersion = 7.3.1;
						LastSwiftMigration = 1000;
					};
				};
			};
			buildConfigurationList = 96F22C2E1D3899D300C3136E /* Build configuration list for PBXProject "SampleApp-Swift" */;
			compatibilityVersion = "Xcode 3.2";
			developmentRegion = en;
			hasScannedForEncodings = 0;
			knownRegions = (
				en,
				Base,
			);
			mainGroup = 96F22C2A1D3899D300C3136E;
			productRefGroup = 96F22C341D3899D300C3136E /* Products */;
			projectDirPath = "";
			projectRoot = "";
			targets = (
				96F22C321D3899D300C3136E /* SampleApp-Swift */,
			);
		};
/* End PBXProject section */

/* Begin PBXResourcesBuildPhase section */
		96F22C311D3899D300C3136E /* Resources */ = {
			isa = PBXResourcesBuildPhase;
			buildActionMask = 2147483647;
			files = (
				7580FAAA21CB567D00653042 /* NendAdResource.bundle in Resources */,
				96F22C411D3899D300C3136E /* LaunchScreen.storyboard in Resources */,
				7451C8F121E874E000C42F1F /* FluctSDKResources.bundle in Resources */,
				96F22C3E1D3899D300C3136E /* Assets.xcassets in Resources */,
				7580FA9E21CB567D00653042 /* TapjoyResources.bundle in Resources */,
				96F22C3C1D3899D300C3136E /* Main.storyboard in Resources */,
			);
			runOnlyForDeploymentPostprocessing = 0;
		};
/* End PBXResourcesBuildPhase section */

/* Begin PBXSourcesBuildPhase section */
		96F22C2F1D3899D300C3136E /* Sources */ = {
			isa = PBXSourcesBuildPhase;
			buildActionMask = 2147483647;
			files = (
				9661EEFC1F15FDD800286B72 /* NativeTableViewController.swift in Sources */,
				969EC2021D3E11C1005F475E /* InterstitialViewController.swift in Sources */,
				96F22C391D3899D300C3136E /* BannerViewController.swift in Sources */,
				7580FAA321CB567D00653042 /* FSSRewardedVideoAdColonyManager.m in Sources */,
				96F22C371D3899D300C3136E /* AppDelegate.swift in Sources */,
				7580FAA221CB567D00653042 /* FSSRewardedVideoCustomEventAdColony.m in Sources */,
				757D0C9422A4EE22002B33D3 /* FSSRewardedVideoCustomEventMintegral.m in Sources */,
				966CC73E1DF7C9B50005EF1C /* BannerTableViewCell.swift in Sources */,
				3A24ECA81D812CCC0014B706 /* TabBarController.swift in Sources */,
				9661EEFA1F15FDAE00286B72 /* NativeViewController.swift in Sources */,
				7580FA9A21CB567D00653042 /* FSSRewardedVideoCustomEventUnityAds.m in Sources */,
				3ADBC1981D825A62003D7AB3 /* ViewController.swift in Sources */,
				7580FA9B21CB567D00653042 /* FSSRewardedVideoUnityAdsManager.m in Sources */,
				7580FAA621CB567D00653042 /* FSSRewardedVideoMaioManager.m in Sources */,
				960884221F9EC23B005F65FD /* RewardedVideoViewController.swift in Sources */,
				7580FAA121CB567D00653042 /* FSSRewardedVideoCustomEventAppLovin.m in Sources */,
				96D530F41F25DC22008B1066 /* FooterNativeViewController.swift in Sources */,
				3A6AADB11D8148DA005D94C1 /* BannerNavigationController.swift in Sources */,
				969EC2001D3E0CF7005F475E /* ManyBannerViewController.swift in Sources */,
				7580FAA521CB567D00653042 /* FSSRewardedVideoCustomEventMaio.m in Sources */,
				7580FA9F21CB567D00653042 /* FSSRewardedVideoCustomEventTapjoy.m in Sources */,
				7580FA9C21CB567D00653042 /* FSSRewardedVideoConditionObserver.m in Sources */,
				7580FAA821CB567D00653042 /* FSSRewardedVideoCustomEventNend.m in Sources */,
				966CC73C1DF7C98C0005EF1C /* BannerTableViewController.swift in Sources */,
			);
			runOnlyForDeploymentPostprocessing = 0;
		};
/* End PBXSourcesBuildPhase section */

/* Begin PBXVariantGroup section */
		96F22C3A1D3899D300C3136E /* Main.storyboard */ = {
			isa = PBXVariantGroup;
			children = (
				96F22C3B1D3899D300C3136E /* Base */,
			);
			name = Main.storyboard;
			sourceTree = "<group>";
		};
		96F22C3F1D3899D300C3136E /* LaunchScreen.storyboard */ = {
			isa = PBXVariantGroup;
			children = (
				96F22C401D3899D300C3136E /* Base */,
			);
			name = LaunchScreen.storyboard;
			sourceTree = "<group>";
		};
/* End PBXVariantGroup section */

/* Begin XCBuildConfiguration section */
		96F22C591D3899D300C3136E /* Debug */ = {
			isa = XCBuildConfiguration;
			buildSettings = {
				ALWAYS_SEARCH_USER_PATHS = NO;
				CLANG_ANALYZER_LOCALIZABILITY_NONLOCALIZED = YES;
				CLANG_ANALYZER_NONNULL = YES;
				CLANG_CXX_LANGUAGE_STANDARD = "gnu++0x";
				CLANG_CXX_LIBRARY = "libc++";
				CLANG_ENABLE_MODULES = YES;
				CLANG_ENABLE_OBJC_ARC = YES;
				CLANG_WARN_BLOCK_CAPTURE_AUTORELEASING = YES;
				CLANG_WARN_BOOL_CONVERSION = YES;
				CLANG_WARN_COMMA = YES;
				CLANG_WARN_CONSTANT_CONVERSION = YES;
				CLANG_WARN_DEPRECATED_OBJC_IMPLEMENTATIONS = YES;
				CLANG_WARN_DIRECT_OBJC_ISA_USAGE = YES_ERROR;
				CLANG_WARN_EMPTY_BODY = YES;
				CLANG_WARN_ENUM_CONVERSION = YES;
				CLANG_WARN_INFINITE_RECURSION = YES;
				CLANG_WARN_INT_CONVERSION = YES;
				CLANG_WARN_NON_LITERAL_NULL_CONVERSION = YES;
				CLANG_WARN_OBJC_IMPLICIT_RETAIN_SELF = YES;
				CLANG_WARN_OBJC_LITERAL_CONVERSION = YES;
				CLANG_WARN_OBJC_ROOT_CLASS = YES_ERROR;
				CLANG_WARN_RANGE_LOOP_ANALYSIS = YES;
				CLANG_WARN_STRICT_PROTOTYPES = YES;
				CLANG_WARN_SUSPICIOUS_MOVE = YES;
				CLANG_WARN_UNREACHABLE_CODE = YES;
				CLANG_WARN__DUPLICATE_METHOD_MATCH = YES;
				"CODE_SIGN_IDENTITY[sdk=iphoneos*]" = "iPhone Developer";
				COPY_PHASE_STRIP = NO;
				DEBUG_INFORMATION_FORMAT = dwarf;
				ENABLE_STRICT_OBJC_MSGSEND = YES;
				ENABLE_TESTABILITY = YES;
				FRAMEWORK_SEARCH_PATHS = "";
				GCC_C_LANGUAGE_STANDARD = gnu99;
				GCC_DYNAMIC_NO_PIC = NO;
				GCC_NO_COMMON_BLOCKS = YES;
				GCC_OPTIMIZATION_LEVEL = 0;
				GCC_PREPROCESSOR_DEFINITIONS = (
					"DEBUG=1",
					"$(inherited)",
				);
				GCC_TREAT_WARNINGS_AS_ERRORS = YES;
				GCC_WARN_64_TO_32_BIT_CONVERSION = YES;
				GCC_WARN_ABOUT_RETURN_TYPE = YES_ERROR;
				GCC_WARN_UNDECLARED_SELECTOR = YES;
				GCC_WARN_UNINITIALIZED_AUTOS = YES_AGGRESSIVE;
				GCC_WARN_UNUSED_FUNCTION = YES;
				GCC_WARN_UNUSED_VARIABLE = YES;
				IPHONEOS_DEPLOYMENT_TARGET = 8.1;
				MTL_ENABLE_DEBUG_INFO = YES;
				ONLY_ACTIVE_ARCH = YES;
				SDKROOT = iphoneos;
				SWIFT_OBJC_BRIDGING_HEADER = "$(SRCROOT)/FluctSDKSwiftApp-Bridging-Header.h";
				SWIFT_OPTIMIZATION_LEVEL = "-Onone";
				SWIFT_VERSION = 5.0;
				TARGETED_DEVICE_FAMILY = "1,2";
				VALID_ARCHS = "$(ARCHS_STANDARD)";
			};
			name = Debug;
		};
		96F22C5A1D3899D300C3136E /* Release */ = {
			isa = XCBuildConfiguration;
			buildSettings = {
				ALWAYS_SEARCH_USER_PATHS = NO;
				CLANG_ANALYZER_LOCALIZABILITY_NONLOCALIZED = YES;
				CLANG_ANALYZER_NONNULL = YES;
				CLANG_CXX_LANGUAGE_STANDARD = "gnu++0x";
				CLANG_CXX_LIBRARY = "libc++";
				CLANG_ENABLE_MODULES = YES;
				CLANG_ENABLE_OBJC_ARC = YES;
				CLANG_WARN_BLOCK_CAPTURE_AUTORELEASING = YES;
				CLANG_WARN_BOOL_CONVERSION = YES;
				CLANG_WARN_COMMA = YES;
				CLANG_WARN_CONSTANT_CONVERSION = YES;
				CLANG_WARN_DEPRECATED_OBJC_IMPLEMENTATIONS = YES;
				CLANG_WARN_DIRECT_OBJC_ISA_USAGE = YES_ERROR;
				CLANG_WARN_EMPTY_BODY = YES;
				CLANG_WARN_ENUM_CONVERSION = YES;
				CLANG_WARN_INFINITE_RECURSION = YES;
				CLANG_WARN_INT_CONVERSION = YES;
				CLANG_WARN_NON_LITERAL_NULL_CONVERSION = YES;
				CLANG_WARN_OBJC_IMPLICIT_RETAIN_SELF = YES;
				CLANG_WARN_OBJC_LITERAL_CONVERSION = YES;
				CLANG_WARN_OBJC_ROOT_CLASS = YES_ERROR;
				CLANG_WARN_RANGE_LOOP_ANALYSIS = YES;
				CLANG_WARN_STRICT_PROTOTYPES = YES;
				CLANG_WARN_SUSPICIOUS_MOVE = YES;
				CLANG_WARN_UNREACHABLE_CODE = YES;
				CLANG_WARN__DUPLICATE_METHOD_MATCH = YES;
				"CODE_SIGN_IDENTITY[sdk=iphoneos*]" = "iPhone Developer";
				COPY_PHASE_STRIP = NO;
				DEBUG_INFORMATION_FORMAT = "dwarf-with-dsym";
				ENABLE_NS_ASSERTIONS = NO;
				ENABLE_STRICT_OBJC_MSGSEND = YES;
				FRAMEWORK_SEARCH_PATHS = "";
				GCC_C_LANGUAGE_STANDARD = gnu99;
				GCC_NO_COMMON_BLOCKS = YES;
				GCC_TREAT_WARNINGS_AS_ERRORS = YES;
				GCC_WARN_64_TO_32_BIT_CONVERSION = YES;
				GCC_WARN_ABOUT_RETURN_TYPE = YES_ERROR;
				GCC_WARN_UNDECLARED_SELECTOR = YES;
				GCC_WARN_UNINITIALIZED_AUTOS = YES_AGGRESSIVE;
				GCC_WARN_UNUSED_FUNCTION = YES;
				GCC_WARN_UNUSED_VARIABLE = YES;
				IPHONEOS_DEPLOYMENT_TARGET = 8.1;
				MTL_ENABLE_DEBUG_INFO = NO;
				SDKROOT = iphoneos;
				SWIFT_OBJC_BRIDGING_HEADER = "$(SRCROOT)/FluctSDKSwiftApp-Bridging-Header.h";
				SWIFT_OPTIMIZATION_LEVEL = "-Owholemodule";
				SWIFT_VERSION = 5.0;
				TARGETED_DEVICE_FAMILY = "1,2";
				VALIDATE_PRODUCT = YES;
				VALID_ARCHS = "$(ARCHS_STANDARD)";
			};
			name = Release;
		};
		96F22C5C1D3899D300C3136E /* Debug */ = {
			isa = XCBuildConfiguration;
			buildSettings = {
				DEVELOPMENT_TEAM = "";
				FRAMEWORK_SEARCH_PATHS = (
					"$(inherited)",
					"$(PROJECT_DIR)/SampleApp-Swift/FluctSDK-AdnetworkSupport/UnityAds",
					"$(PROJECT_DIR)/SampleApp-Swift/FluctSDK-AdnetworkSupport/Tapjoy/Tapjoy.embeddedframework",
					"$(PROJECT_DIR)/SampleApp-Swift/FluctSDK-AdnetworkSupport/AppLovin",
					"$(PROJECT_DIR)/SampleApp-Swift/FluctSDK-AdnetworkSupport/AdColony",
					"$(PROJECT_DIR)/SampleApp-Swift/FluctSDK-AdnetworkSupport/maio",
					"$(PROJECT_DIR)/SampleApp-Swift/FluctSDK-AdnetworkSupport/nend/NendAd.embeddedframework",
					"$(PROJECT_DIR)/SampleApp-Swift/FluctSDK.embeddedframework",
					"$(PROJECT_DIR)/SampleApp-Swift/FluctSDK-AdnetworkSupport/AdCorsa",
					"$(PROJECT_DIR)/SampleApp-Swift/FluctSDK-AdnetworkSupport/Mintegral",
				);
				INFOPLIST_FILE = "SampleApp-Swift/Info.plist";
				LD_RUNPATH_SEARCH_PATHS = "$(inherited) @executable_path/Frameworks";
				OTHER_LDFLAGS = "-ObjC";
				PRODUCT_BUNDLE_IDENTIFIER = "jp.fluct.SampleApp-Swift";
				PRODUCT_NAME = "SampleApp-Swift";
				SWIFT_OBJC_BRIDGING_HEADER = "";
				WARNING_CFLAGS = "";
			};
			name = Debug;
		};
		96F22C5D1D3899D300C3136E /* Release */ = {
			isa = XCBuildConfiguration;
			buildSettings = {
				DEVELOPMENT_TEAM = "";
				FRAMEWORK_SEARCH_PATHS = (
					"$(inherited)",
					"$(PROJECT_DIR)/SampleApp-Swift/FluctSDK-AdnetworkSupport/UnityAds",
					"$(PROJECT_DIR)/SampleApp-Swift/FluctSDK-AdnetworkSupport/Tapjoy/Tapjoy.embeddedframework",
					"$(PROJECT_DIR)/SampleApp-Swift/FluctSDK-AdnetworkSupport/AppLovin",
					"$(PROJECT_DIR)/SampleApp-Swift/FluctSDK-AdnetworkSupport/AdColony",
					"$(PROJECT_DIR)/SampleApp-Swift/FluctSDK-AdnetworkSupport/maio",
					"$(PROJECT_DIR)/SampleApp-Swift/FluctSDK-AdnetworkSupport/nend/NendAd.embeddedframework",
					"$(PROJECT_DIR)/SampleApp-Swift/FluctSDK.embeddedframework",
					"$(PROJECT_DIR)/SampleApp-Swift/FluctSDK-AdnetworkSupport/AdCorsa",
					"$(PROJECT_DIR)/SampleApp-Swift/FluctSDK-AdnetworkSupport/Mintegral",
				);
				INFOPLIST_FILE = "SampleApp-Swift/Info.plist";
				LD_RUNPATH_SEARCH_PATHS = "$(inherited) @executable_path/Frameworks";
				OTHER_LDFLAGS = "-ObjC";
				PRODUCT_BUNDLE_IDENTIFIER = "jp.fluct.SampleApp-Swift";
				PRODUCT_NAME = "SampleApp-Swift";
				SWIFT_OBJC_BRIDGING_HEADER = "";
				WARNING_CFLAGS = "";
			};
			name = Release;
		};
/* End XCBuildConfiguration section */

/* Begin XCConfigurationList section */
		96F22C2E1D3899D300C3136E /* Build configuration list for PBXProject "SampleApp-Swift" */ = {
			isa = XCConfigurationList;
			buildConfigurations = (
				96F22C591D3899D300C3136E /* Debug */,
				96F22C5A1D3899D300C3136E /* Release */,
			);
			defaultConfigurationIsVisible = 0;
			defaultConfigurationName = Release;
		};
		96F22C5B1D3899D300C3136E /* Build configuration list for PBXNativeTarget "SampleApp-Swift" */ = {
			isa = XCConfigurationList;
			buildConfigurations = (
				96F22C5C1D3899D300C3136E /* Debug */,
				96F22C5D1D3899D300C3136E /* Release */,
			);
			defaultConfigurationIsVisible = 0;
			defaultConfigurationName = Release;
		};
/* End XCConfigurationList section */
	};
	rootObject = 96F22C2B1D3899D300C3136E /* Project object */;
}
