PODS:
  - AdColony (4.9.0)
  - Ads-Global (5.1.0.6):
    - Ads-Global/BUAdSDK (= 5.1.0.6)
  - Ads-Global/BUAdSDK (5.1.0.6):
    - Ads-Global/BURelyAdSDK
    - Ads-Global/Dep_Accurate
  - Ads-Global/BURelyAdSDK (5.1.0.6)
  - Ads-Global/Dep_Accurate (5.1.0.6):
    - BURelyFoundation_Global/Pangle (= 0.1.0.4)
  - AppLovinSDK (11.4.2)
  - BURelyFoundation_Global/AFNetworking (0.1.0.4)
  - BURelyFoundation_Global/Foundation (0.1.0.4):
    - BURelyFoundation_Global/NETWork
  - BURelyFoundation_Global/Gecko (0.1.0.4):
    - BURelyFoundation_Global/Foundation
  - BURelyFoundation_Global/Header (0.1.0.4)
  - BURelyFoundation_Global/NETWork (0.1.0.4):
    - BURelyFoundation_Global/AFNetworking
  - BURelyFoundation_Global/Pangle (0.1.0.4):
    - BURelyFoundation_Global/AFNetworking
    - BURelyFoundation_Global/Foundation
    - BURelyFoundation_Global/Gecko
    - BURelyFoundation_Global/Header
    - BURelyFoundation_Global/NETWork
    - BURelyFoundation_Global/SDWebImage
    - BURelyFoundation_Global/YYModel
    - BURelyFoundation_Global/ZFPlayer
    - BURelyFoundation_Global/Zip
  - BURelyFoundation_Global/SDWebImage (0.1.0.4):
    - BURelyFoundation_Global/Foundation
  - BURelyFoundation_Global/YYModel (0.1.0.4)
  - BURelyFoundation_Global/ZFPlayer (0.1.0.4):
    - BURelyFoundation_Global/Foundation
    - BURelyFoundation_Global/Zip
  - BURelyFoundation_Global/Zip (0.1.0.4):
    - BURelyFoundation_Global/Foundation
  - FiveAd (2.4.20220722)
  - FluctSDK (6.25.2)
  - FluctSDK-MediationAdapter/AdColony (6.25.2):
    - AdColony (>= 4.9.0)
    - FluctSDK (>= 6.14.0)
  - FluctSDK-MediationAdapter/AMoAd (6.25.2):
    - FluctSDK (>= 6.14.0)
    - ReachabilitySwift
    - SnapKit
  - FluctSDK-MediationAdapter/AppLovin (6.25.2):
    - AppLovinSDK (>= 11.1.1)
    - FluctSDK (>= 6.14.0)
  - FluctSDK-MediationAdapter/Five (6.25.2):
    - FiveAd (>= 2.4.20220630)
    - FluctSDK (>= 6.14.0)
  - FluctSDK-MediationAdapter/maio (6.25.2):
    - FluctSDK (>= 6.14.0)
    - MaioSDK (>= 1.6.3)
  - FluctSDK-MediationAdapter/nend (6.25.2):
    - FluctSDK (>= 6.14.0)
    - NendSDK_iOS (>= 8.0.1)
  - FluctSDK-MediationAdapter/Pangle (6.25.2):
    - Ads-Global (>= 5.1.0.6)
    - FluctSDK (>= 6.14.0)
  - FluctSDK-MediationAdapter/Tapjoy (6.25.2):
    - FluctSDK (>= 6.14.0)
    - TapjoySDK (>= 12.11.1)
  - FluctSDK-MediationAdapter/UnityAds (6.25.2):
    - FluctSDK (>= 6.14.0)
    - UnityAds (>= 4.6.1)
  - Google-Mobile-Ads-SDK (8.10.0):
    - GoogleAppMeasurement (< 9.0, >= 7.0)
    - GoogleUserMessagingPlatform (>= 1.1)
  - GoogleAppMeasurement (8.7.0):
    - GoogleAppMeasurement/AdIdSupport (= 8.7.0)
    - GoogleUtilities/AppDelegateSwizzler (~> 7.4)
    - GoogleUtilities/MethodSwizzler (~> 7.4)
    - GoogleUtilities/Network (~> 7.4)
    - "GoogleUtilities/NSData+zlib (~> 7.4)"
    - nanopb (~> 2.30908.0)
  - GoogleAppMeasurement/AdIdSupport (8.7.0):
    - GoogleUtilities/AppDelegateSwizzler (~> 7.4)
    - GoogleUtilities/MethodSwizzler (~> 7.4)
    - GoogleUtilities/Network (~> 7.4)
    - "GoogleUtilities/NSData+zlib (~> 7.4)"
    - nanopb (~> 2.30908.0)
  - GoogleMobileAdsMediationFluct (6.25.2):
    - FluctSDK (>= 6.12.1)
    - Google-Mobile-Ads-SDK (>= 8.1.0)
  - GoogleUserMessagingPlatform (2.0.0)
  - GoogleUtilities/AppDelegateSwizzler (7.5.2):
    - GoogleUtilities/Environment
    - GoogleUtilities/Logger
    - GoogleUtilities/Network
  - GoogleUtilities/Environment (7.5.2):
    - PromisesObjC (< 3.0, >= 1.2)
  - GoogleUtilities/Logger (7.5.2):
    - GoogleUtilities/Environment
  - GoogleUtilities/MethodSwizzler (7.5.2):
    - GoogleUtilities/Logger
  - GoogleUtilities/Network (7.5.2):
    - GoogleUtilities/Logger
    - "GoogleUtilities/NSData+zlib"
    - GoogleUtilities/Reachability
  - "GoogleUtilities/NSData+zlib (7.5.2)"
  - GoogleUtilities/Reachability (7.5.2):
    - GoogleUtilities/Logger
  - MaioSDK (1.6.3)
  - MaxMediationAdapterFluct (6.25.2):
    - AppLovinSDK (>= 11.4.2)
    - FluctSDK (>= 6.19.0)
  - nanopb (2.30908.0):
    - nanopb/decode (= 2.30908.0)
    - nanopb/encode (= 2.30908.0)
  - nanopb/decode (2.30908.0)
  - nanopb/encode (2.30908.0)
  - NendSDK_iOS (8.0.1)
  - PromisesObjC (2.0.0)
  - ReachabilitySwift (5.0.0)
  - SnapKit (5.6.0)
  - TapjoySDK (12.11.1)
  - UnityAds (4.6.1)

DEPENDENCIES:
  - AppLovinSDK
  - FluctSDK (from `../../../FluctSDK.podspec`)
  - FluctSDK-MediationAdapter/AdColony (from `../../../FluctSDK-MediationAdapter.podspec`)
  - FluctSDK-MediationAdapter/AMoAd (from `../../../FluctSDK-MediationAdapter.podspec`)
  - FluctSDK-MediationAdapter/AppLovin (from `../../../FluctSDK-MediationAdapter.podspec`)
  - FluctSDK-MediationAdapter/Five (from `../../../FluctSDK-MediationAdapter.podspec`)
  - FluctSDK-MediationAdapter/maio (from `../../../FluctSDK-MediationAdapter.podspec`)
  - FluctSDK-MediationAdapter/nend (from `../../../FluctSDK-MediationAdapter.podspec`)
  - FluctSDK-MediationAdapter/Pangle (from `../../../FluctSDK-MediationAdapter.podspec`)
  - FluctSDK-MediationAdapter/Tapjoy (from `../../../FluctSDK-MediationAdapter.podspec`)
  - FluctSDK-MediationAdapter/UnityAds (from `../../../FluctSDK-MediationAdapter.podspec`)
  - Google-Mobile-Ads-SDK
  - GoogleMobileAdsMediationFluct (from `../../../GoogleMobileAdsMediationFluct.podspec`)
  - MaxMediationAdapterFluct (from `../../../MaxMediationAdapterFluct.podspec`)

SPEC REPOS:
  trunk:
    - AdColony
    - Ads-Global
    - AppLovinSDK
    - BURelyFoundation_Global
    - FiveAd
    - Google-Mobile-Ads-SDK
    - GoogleAppMeasurement
    - GoogleUserMessagingPlatform
    - GoogleUtilities
    - MaioSDK
    - nanopb
    - NendSDK_iOS
    - PromisesObjC
    - ReachabilitySwift
    - SnapKit
    - TapjoySDK
    - UnityAds

EXTERNAL SOURCES:
  FluctSDK:
    :path: "../../../FluctSDK.podspec"
  FluctSDK-MediationAdapter:
    :path: "../../../FluctSDK-MediationAdapter.podspec"
  GoogleMobileAdsMediationFluct:
    :path: "../../../GoogleMobileAdsMediationFluct.podspec"
  MaxMediationAdapterFluct:
    :path: "../../../MaxMediationAdapterFluct.podspec"

SPEC CHECKSUMS:
  AdColony: 4f3738dc633d7aaa8ec60729df973076cc8e97ed
  Ads-Global: 9b71252ddceb04e5ece8dd4bbfe0dd28a754946a
  AppLovinSDK: 119a0b2a743f9d9c6002c58776b1013778a65084
  BURelyFoundation_Global: 32f174d73b3fd41e4e59002f111e1efbb0e600b2
  FiveAd: 1b9182c2c4cfd732aab759f88c924db9feceb1ea
  FluctSDK: e03056db921e69ab5e8a3d85df4b975f13708457
  FluctSDK-MediationAdapter: ba0b92de40e6120148dea31d559e3814f68984cc
  Google-Mobile-Ads-SDK: 9c78323a7069cd42ddf1ad2fddbaec889b085091
  GoogleAppMeasurement: 2be61ce546ad074dbe4dd545f222ac6033bb1d9e
  GoogleMobileAdsMediationFluct: e372828a8e51418a8a395bece439a5274ac9edd3
  GoogleUserMessagingPlatform: ab890ce5f6620f293a21b6bdd82e416a2c73aeca
  GoogleUtilities: 8de2a97a17e15b6b98e38e8770e2d129a57c0040
  MaioSDK: a66f3974f8edb8053077b937c00081621d7142a6
  MaxMediationAdapterFluct: 177db1989221735c1a8442d1ad8135a4073c341b
  nanopb: a0ba3315591a9ae0a16a309ee504766e90db0c96
  NendSDK_iOS: ece43e55b584cc7ab06ac0b75c6506de79fea3fd
  PromisesObjC: 68159ce6952d93e17b2dfe273b8c40907db5ba58
  ReachabilitySwift: 985039c6f7b23a1da463388634119492ff86c825
  SnapKit: e01d52ebb8ddbc333eefe2132acf85c8227d9c25
  TapjoySDK: 7edeac6d20f9d941fab1352c81ecd3e885c36167
  UnityAds: 824808c73af90fe4302ee0594381c8d515e5ce97

PODFILE CHECKSUM: 10162fcba5a094b09964685e260d002bc84ef1dc

COCOAPODS: 1.11.2
