// !$*UTF8*$!
{
	archiveVersion = 1;
	classes = {
	};
	objectVersion = 46;
	objects = {

/* Begin PBXBuildFile section */
		961AC82A1E924E85002BE2F0 /* AppDelegate.swift in Sources */ = {isa = PBXBuildFile; fileRef = 961AC8291E924E85002BE2F0 /* AppDelegate.swift */; };
		961AC82C1E924E85002BE2F0 /* ViewController.swift in Sources */ = {isa = PBXBuildFile; fileRef = 961AC82B1E924E85002BE2F0 /* ViewController.swift */; };
		961AC82F1E924E85002BE2F0 /* Main.storyboard in Resources */ = {isa = PBXBuildFile; fileRef = 961AC82D1E924E85002BE2F0 /* Main.storyboard */; };
		961AC8311E924E85002BE2F0 /* Assets.xcassets in Resources */ = {isa = PBXBuildFile; fileRef = 961AC8301E924E85002BE2F0 /* Assets.xcassets */; };
		961AC8341E924E85002BE2F0 /* LaunchScreen.storyboard in Resources */ = {isa = PBXBuildFile; fileRef = 961AC8321E924E85002BE2F0 /* LaunchScreen.storyboard */; };
		961AC83C1E9259FE002BE2F0 /* ad.html in Resources */ = {isa = PBXBuildFile; fileRef = 961AC83B1E9259FE002BE2F0 /* ad.html */; };
		96BCA5411EC165B600860196 /* ad-jslink.html in Resources */ = {isa = PBXBuildFile; fileRef = 96BCA5401EC165B600860196 /* ad-jslink.html */; };
		96BCA5431EC1814B00860196 /* Utils.swift in Sources */ = {isa = PBXBuildFile; fileRef = 96BCA5421EC1814B00860196 /* Utils.swift */; };
		96BCA5451EC182DB00860196 /* JsLinkViewController.swift in Sources */ = {isa = PBXBuildFile; fileRef = 96BCA5441EC182DB00860196 /* JsLinkViewController.swift */; };
/* End PBXBuildFile section */

/* Begin PBXFileReference section */
		961AC8261E924E85002BE2F0 /* SampleApp-Swift.app */ = {isa = PBXFileReference; explicitFileType = wrapper.application; includeInIndex = 0; path = "SampleApp-Swift.app"; sourceTree = BUILT_PRODUCTS_DIR; };
		961AC8291E924E85002BE2F0 /* AppDelegate.swift */ = {isa = PBXFileReference; lastKnownFileType = sourcecode.swift; path = AppDelegate.swift; sourceTree = "<group>"; };
		961AC82B1E924E85002BE2F0 /* ViewController.swift */ = {isa = PBXFileReference; lastKnownFileType = sourcecode.swift; path = ViewController.swift; sourceTree = "<group>"; };
		961AC82E1E924E85002BE2F0 /* Base */ = {isa = PBXFileReference; lastKnownFileType = file.storyboard; name = Base; path = Base.lproj/Main.storyboard; sourceTree = "<group>"; };
		961AC8301E924E85002BE2F0 /* Assets.xcassets */ = {isa = PBXFileReference; lastKnownFileType = folder.assetcatalog; path = Assets.xcassets; sourceTree = "<group>"; };
		961AC8331E924E85002BE2F0 /* Base */ = {isa = PBXFileReference; lastKnownFileType = file.storyboard; name = Base; path = Base.lproj/LaunchScreen.storyboard; sourceTree = "<group>"; };
		961AC8351E924E85002BE2F0 /* Info.plist */ = {isa = PBXFileReference; lastKnownFileType = text.plist.xml; path = Info.plist; sourceTree = "<group>"; };
		961AC83B1E9259FE002BE2F0 /* ad.html */ = {isa = PBXFileReference; fileEncoding = 4; lastKnownFileType = text.html; path = ad.html; sourceTree = "<group>"; };
		96BCA5401EC165B600860196 /* ad-jslink.html */ = {isa = PBXFileReference; fileEncoding = 4; lastKnownFileType = text.html; path = "ad-jslink.html"; sourceTree = "<group>"; };
		96BCA5421EC1814B00860196 /* Utils.swift */ = {isa = PBXFileReference; fileEncoding = 4; lastKnownFileType = sourcecode.swift; path = Utils.swift; sourceTree = "<group>"; };
		96BCA5441EC182DB00860196 /* JsLinkViewController.swift */ = {isa = PBXFileReference; fileEncoding = 4; lastKnownFileType = sourcecode.swift; path = JsLinkViewController.swift; sourceTree = "<group>"; };
/* End PBXFileReference section */

/* Begin PBXFrameworksBuildPhase section */
		961AC8231E924E85002BE2F0 /* Frameworks */ = {
			isa = PBXFrameworksBuildPhase;
			buildActionMask = 2147483647;
			files = (
			);
			runOnlyForDeploymentPostprocessing = 0;
		};
/* End PBXFrameworksBuildPhase section */

/* Begin PBXGroup section */
		961AC81D1E924E85002BE2F0 = {
			isa = PBXGroup;
			children = (
				961AC8281E924E85002BE2F0 /* SampleApp-Swift */,
				961AC8271E924E85002BE2F0 /* Products */,
			);
			sourceTree = "<group>";
		};
		961AC8271E924E85002BE2F0 /* Products */ = {
			isa = PBXGroup;
			children = (
				961AC8261E924E85002BE2F0 /* SampleApp-Swift.app */,
			);
			name = Products;
			sourceTree = "<group>";
		};
		961AC8281E924E85002BE2F0 /* SampleApp-Swift */ = {
			isa = PBXGroup;
			children = (
				961AC83B1E9259FE002BE2F0 /* ad.html */,
				96BCA5401EC165B600860196 /* ad-jslink.html */,
				961AC8291E924E85002BE2F0 /* AppDelegate.swift */,
				961AC82B1E924E85002BE2F0 /* ViewController.swift */,
				96BCA5441EC182DB00860196 /* JsLinkViewController.swift */,
				96BCA5421EC1814B00860196 /* Utils.swift */,
				961AC82D1E924E85002BE2F0 /* Main.storyboard */,
				961AC8301E924E85002BE2F0 /* Assets.xcassets */,
				961AC8321E924E85002BE2F0 /* LaunchScreen.storyboard */,
				961AC8351E924E85002BE2F0 /* Info.plist */,
			);
			path = "SampleApp-Swift";
			sourceTree = "<group>";
		};
/* End PBXGroup section */

/* Begin PBXNativeTarget section */
		961AC8251E924E85002BE2F0 /* SampleApp-Swift */ = {
			isa = PBXNativeTarget;
			buildConfigurationList = 961AC8381E924E85002BE2F0 /* Build configuration list for PBXNativeTarget "SampleApp-Swift" */;
			buildPhases = (
				961AC8221E924E85002BE2F0 /* Sources */,
				961AC8231E924E85002BE2F0 /* Frameworks */,
				961AC8241E924E85002BE2F0 /* Resources */,
			);
			buildRules = (
			);
			dependencies = (
			);
			name = "SampleApp-Swift";
			productName = "SampleApp-Swift";
			productReference = 961AC8261E924E85002BE2F0 /* SampleApp-Swift.app */;
			productType = "com.apple.product-type.application";
		};
/* End PBXNativeTarget section */

/* Begin PBXProject section */
		961AC81E1E924E85002BE2F0 /* Project object */ = {
			isa = PBXProject;
			attributes = {
				LastSwiftUpdateCheck = 0820;
				LastUpgradeCheck = 0820;
				ORGANIZATIONNAME = fluct;
				TargetAttributes = {
					961AC8251E924E85002BE2F0 = {
						CreatedOnToolsVersion = 8.2;
						DevelopmentTeam = ED52ZNS3N9;
						ProvisioningStyle = Automatic;
					};
				};
			};
			buildConfigurationList = 961AC8211E924E85002BE2F0 /* Build configuration list for PBXProject "SampleApp-Swift" */;
			compatibilityVersion = "Xcode 3.2";
			developmentRegion = English;
			hasScannedForEncodings = 0;
			knownRegions = (
				en,
				Base,
			);
			mainGroup = 961AC81D1E924E85002BE2F0;
			productRefGroup = 961AC8271E924E85002BE2F0 /* Products */;
			projectDirPath = "";
			projectRoot = "";
			targets = (
				961AC8251E924E85002BE2F0 /* SampleApp-Swift */,
			);
		};
/* End PBXProject section */

/* Begin PBXResourcesBuildPhase section */
		961AC8241E924E85002BE2F0 /* Resources */ = {
			isa = PBXResourcesBuildPhase;
			buildActionMask = 2147483647;
			files = (
				961AC8341E924E85002BE2F0 /* LaunchScreen.storyboard in Resources */,
				961AC8311E924E85002BE2F0 /* Assets.xcassets in Resources */,
				96BCA5411EC165B600860196 /* ad-jslink.html in Resources */,
				961AC82F1E924E85002BE2F0 /* Main.storyboard in Resources */,
				961AC83C1E9259FE002BE2F0 /* ad.html in Resources */,
			);
			runOnlyForDeploymentPostprocessing = 0;
		};
/* End PBXResourcesBuildPhase section */

/* Begin PBXSourcesBuildPhase section */
		961AC8221E924E85002BE2F0 /* Sources */ = {
			isa = PBXSourcesBuildPhase;
			buildActionMask = 2147483647;
			files = (
				961AC82C1E924E85002BE2F0 /* ViewController.swift in Sources */,
				96BCA5431EC1814B00860196 /* Utils.swift in Sources */,
				961AC82A1E924E85002BE2F0 /* AppDelegate.swift in Sources */,
				96BCA5451EC182DB00860196 /* JsLinkViewController.swift in Sources */,
			);
			runOnlyForDeploymentPostprocessing = 0;
		};
/* End PBXSourcesBuildPhase section */

/* Begin PBXVariantGroup section */
		961AC82D1E924E85002BE2F0 /* Main.storyboard */ = {
			isa = PBXVariantGroup;
			children = (
				961AC82E1E924E85002BE2F0 /* Base */,
			);
			name = Main.storyboard;
			sourceTree = "<group>";
		};
		961AC8321E924E85002BE2F0 /* LaunchScreen.storyboard */ = {
			isa = PBXVariantGroup;
			children = (
				961AC8331E924E85002BE2F0 /* Base */,
			);
			name = LaunchScreen.storyboard;
			sourceTree = "<group>";
		};
/* End PBXVariantGroup section */

/* Begin XCBuildConfiguration section */
		961AC8361E924E85002BE2F0 /* Debug */ = {
			isa = XCBuildConfiguration;
			buildSettings = {
				ALWAYS_SEARCH_USER_PATHS = NO;
				CLANG_ANALYZER_NONNULL = YES;
				CLANG_CXX_LANGUAGE_STANDARD = "gnu++0x";
				CLANG_CXX_LIBRARY = "libc++";
				CLANG_ENABLE_MODULES = YES;
				CLANG_ENABLE_OBJC_ARC = YES;
				CLANG_WARN_BOOL_CONVERSION = YES;
				CLANG_WARN_CONSTANT_CONVERSION = YES;
				CLANG_WARN_DIRECT_OBJC_ISA_USAGE = YES_ERROR;
				CLANG_WARN_DOCUMENTATION_COMMENTS = YES;
				CLANG_WARN_EMPTY_BODY = YES;
				CLANG_WARN_ENUM_CONVERSION = YES;
				CLANG_WARN_INFINITE_RECURSION = YES;
				CLANG_WARN_INT_CONVERSION = YES;
				CLANG_WARN_OBJC_ROOT_CLASS = YES_ERROR;
				CLANG_WARN_SUSPICIOUS_MOVE = YES;
				CLANG_WARN_UNREACHABLE_CODE = YES;
				CLANG_WARN__DUPLICATE_METHOD_MATCH = YES;
				"CODE_SIGN_IDENTITY[sdk=iphoneos*]" = "iPhone Developer";
				COPY_PHASE_STRIP = NO;
				DEBUG_INFORMATION_FORMAT = dwarf;
				ENABLE_STRICT_OBJC_MSGSEND = YES;
				ENABLE_TESTABILITY = YES;
				GCC_C_LANGUAGE_STANDARD = gnu99;
				GCC_DYNAMIC_NO_PIC = NO;
				GCC_NO_COMMON_BLOCKS = YES;
				GCC_OPTIMIZATION_LEVEL = 0;
				GCC_PREPROCESSOR_DEFINITIONS = (
					"DEBUG=1",
					"$(inherited)",
				);
				GCC_WARN_64_TO_32_BIT_CONVERSION = YES;
				GCC_WARN_ABOUT_RETURN_TYPE = YES_ERROR;
				GCC_WARN_UNDECLARED_SELECTOR = YES;
				GCC_WARN_UNINITIALIZED_AUTOS = YES_AGGRESSIVE;
				GCC_WARN_UNUSED_FUNCTION = YES;
				GCC_WARN_UNUSED_VARIABLE = YES;
				IPHONEOS_DEPLOYMENT_TARGET = 11.1;
				MTL_ENABLE_DEBUG_INFO = YES;
				ONLY_ACTIVE_ARCH = YES;
				SDKROOT = iphoneos;
				SWIFT_ACTIVE_COMPILATION_CONDITIONS = DEBUG;
				SWIFT_OPTIMIZATION_LEVEL = "-Onone";
				TARGETED_DEVICE_FAMILY = "1,2";
			};
			name = Debug;
		};
		961AC8371E924E85002BE2F0 /* Release */ = {
			isa = XCBuildConfiguration;
			buildSettings = {
				ALWAYS_SEARCH_USER_PATHS = NO;
				CLANG_ANALYZER_NONNULL = YES;
				CLANG_CXX_LANGUAGE_STANDARD = "gnu++0x";
				CLANG_CXX_LIBRARY = "libc++";
				CLANG_ENABLE_MODULES = YES;
				CLANG_ENABLE_OBJC_ARC = YES;
				CLANG_WARN_BOOL_CONVERSION = YES;
				CLANG_WARN_CONSTANT_CONVERSION = YES;
				CLANG_WARN_DIRECT_OBJC_ISA_USAGE = YES_ERROR;
				CLANG_WARN_DOCUMENTATION_COMMENTS = YES;
				CLANG_WARN_EMPTY_BODY = YES;
				CLANG_WARN_ENUM_CONVERSION = YES;
				CLANG_WARN_INFINITE_RECURSION = YES;
				CLANG_WARN_INT_CONVERSION = YES;
				CLANG_WARN_OBJC_ROOT_CLASS = YES_ERROR;
				CLANG_WARN_SUSPICIOUS_MOVE = YES;
				CLANG_WARN_UNREACHABLE_CODE = YES;
				CLANG_WARN__DUPLICATE_METHOD_MATCH = YES;
				"CODE_SIGN_IDENTITY[sdk=iphoneos*]" = "iPhone Developer";
				COPY_PHASE_STRIP = NO;
				DEBUG_INFORMATION_FORMAT = "dwarf-with-dsym";
				ENABLE_NS_ASSERTIONS = NO;
				ENABLE_STRICT_OBJC_MSGSEND = YES;
				GCC_C_LANGUAGE_STANDARD = gnu99;
				GCC_NO_COMMON_BLOCKS = YES;
				GCC_WARN_64_TO_32_BIT_CONVERSION = YES;
				GCC_WARN_ABOUT_RETURN_TYPE = YES_ERROR;
				GCC_WARN_UNDECLARED_SELECTOR = YES;
				GCC_WARN_UNINITIALIZED_AUTOS = YES_AGGRESSIVE;
				GCC_WARN_UNUSED_FUNCTION = YES;
				GCC_WARN_UNUSED_VARIABLE = YES;
				IPHONEOS_DEPLOYMENT_TARGET = 11.1;
				MTL_ENABLE_DEBUG_INFO = NO;
				SDKROOT = iphoneos;
				SWIFT_OPTIMIZATION_LEVEL = "-Owholemodule";
				TARGETED_DEVICE_FAMILY = "1,2";
				VALIDATE_PRODUCT = YES;
			};
			name = Release;
		};
		961AC8391E924E85002BE2F0 /* Debug */ = {
			isa = XCBuildConfiguration;
			buildSettings = {
				ASSETCATALOG_COMPILER_APPICON_NAME = AppIcon;
				DEVELOPMENT_TEAM = ED52ZNS3N9;
				INFOPLIST_FILE = "SampleApp-Swift/Info.plist";
				IPHONEOS_DEPLOYMENT_TARGET = 11.0;
				LD_RUNPATH_SEARCH_PATHS = "$(inherited) @executable_path/Frameworks";
				PRODUCT_BUNDLE_IDENTIFIER = "jp.fluct.SampleApp-Swift";
				PRODUCT_NAME = "$(TARGET_NAME)";
				SWIFT_VERSION = 3.0;
			};
			name = Debug;
		};
		961AC83A1E924E85002BE2F0 /* Release */ = {
			isa = XCBuildConfiguration;
			buildSettings = {
				ASSETCATALOG_COMPILER_APPICON_NAME = AppIcon;
				DEVELOPMENT_TEAM = ED52ZNS3N9;
				INFOPLIST_FILE = "SampleApp-Swift/Info.plist";
				IPHONEOS_DEPLOYMENT_TARGET = 11.0;
				LD_RUNPATH_SEARCH_PATHS = "$(inherited) @executable_path/Frameworks";
				PRODUCT_BUNDLE_IDENTIFIER = "jp.fluct.SampleApp-Swift";
				PRODUCT_NAME = "$(TARGET_NAME)";
				SWIFT_VERSION = 3.0;
			};
			name = Release;
		};
/* End XCBuildConfiguration section */

/* Begin XCConfigurationList section */
		961AC8211E924E85002BE2F0 /* Build configuration list for PBXProject "SampleApp-Swift" */ = {
			isa = XCConfigurationList;
			buildConfigurations = (
				961AC8361E924E85002BE2F0 /* Debug */,
				961AC8371E924E85002BE2F0 /* Release */,
			);
			defaultConfigurationIsVisible = 0;
			defaultConfigurationName = Release;
		};
		961AC8381E924E85002BE2F0 /* Build configuration list for PBXNativeTarget "SampleApp-Swift" */ = {
			isa = XCConfigurationList;
			buildConfigurations = (
				961AC8391E924E85002BE2F0 /* Debug */,
				961AC83A1E924E85002BE2F0 /* Release */,
			);
			defaultConfigurationIsVisible = 0;
			defaultConfigurationName = Release;
		};
/* End XCConfigurationList section */
	};
	rootObject = 961AC81E1E924E85002BE2F0 /* Project object */;
}
