PODS:
  - AdColony (4.8.0)
  - Ads-Global (4.3.0.5):
    - Ads-Global/APM (= 4.3.0.5)
    - Ads-Global/BUAdSDK (= 4.3.0.5)
  - Ads-Global/APM (4.3.0.5):
    - RangersAPM-Pangle/Crash (= 2.3.2-pangle)
    - RangersAPM-Pangle/Global (= 2.3.2-pangle)
    - RangersAPM-Pangle/SessionTracker (= 2.3.2-pangle)
  - Ads-Global/BUAdSDK (4.3.0.5):
    - Ads-Global/BUFoundation
    - Ads-Global/International
  - Ads-Global/BUFoundation (4.3.0.5):
    - BURelyFoundation_Global (= 0.0.1.47)
  - Ads-Global/International (4.3.0.5):
    - Ads-Global/BUFoundation
  - AppLovinSDK (11.4.2)
  - BURelyFoundation_Global (0.0.1.47):
    - BURelyFoundation_Global/NETWork (= 0.0.1.47)
  - BURelyFoundation_Global/NETWork (0.0.1.47)
  - FiveAd (2.4.20220225)
  - FluctSDK (6.19.2)
  - FluctSDK-MediationAdapter (6.19.2):
    - FluctSDK-MediationAdapter/AdColony (= 6.19.2)
    - FluctSDK-MediationAdapter/AppLovin (= 6.19.2)
    - FluctSDK-MediationAdapter/Five (= 6.19.2)
    - FluctSDK-MediationAdapter/maio (= 6.19.2)
    - FluctSDK-MediationAdapter/nend (= 6.19.2)
    - FluctSDK-MediationAdapter/Pangle (= 6.19.2)
    - FluctSDK-MediationAdapter/Tapjoy (= 6.19.2)
    - FluctSDK-MediationAdapter/UnityAds (= 6.19.2)
  - FluctSDK-MediationAdapter/AdColony (6.19.2):
    - AdColony (>= 4.3.1)
    - FluctSDK (>= 6.14.0)
  - FluctSDK-MediationAdapter/AppLovin (6.19.2):
    - AppLovinSDK (>= 11.1.1)
    - FluctSDK (>= 6.14.0)
  - FluctSDK-MediationAdapter/Five (6.19.2):
    - FiveAd (>= 2.4.20211004)
    - FluctSDK (>= 6.14.0)
  - FluctSDK-MediationAdapter/maio (6.19.2):
    - FluctSDK (>= 6.14.0)
    - MaioSDK (>= 1.6.2)
  - FluctSDK-MediationAdapter/nend (6.19.2):
    - FluctSDK (>= 6.14.0)
    - NendSDK_iOS (>= 7.0.4)
  - FluctSDK-MediationAdapter/Pangle (6.19.2):
    - Ads-Global (>= 3.4.2.3)
    - FluctSDK (>= 6.14.0)
  - FluctSDK-MediationAdapter/Tapjoy (6.19.2):
    - FluctSDK (>= 6.14.0)
    - TapjoySDK (>= 12.8.0)
  - FluctSDK-MediationAdapter/UnityAds (6.19.2):
    - FluctSDK (>= 6.14.0)
    - UnityAds (= 3.7.5)
  - Google-Mobile-Ads-SDK (8.10.0):
    - GoogleAppMeasurement (< 9.0, >= 7.0)
    - GoogleUserMessagingPlatform (>= 1.1)
  - GoogleAppMeasurement (8.7.0):
    - GoogleAppMeasurement/AdIdSupport (= 8.7.0)
    - GoogleUtilities/AppDelegateSwizzler (~> 7.4)
    - GoogleUtilities/MethodSwizzler (~> 7.4)
    - GoogleUtilities/Network (~> 7.4)
    - "GoogleUtilities/NSData+zlib (~> 7.4)"
    - nanopb (~> 2.30908.0)
  - GoogleAppMeasurement/AdIdSupport (8.7.0):
    - GoogleUtilities/AppDelegateSwizzler (~> 7.4)
    - GoogleUtilities/MethodSwizzler (~> 7.4)
    - GoogleUtilities/Network (~> 7.4)
    - "GoogleUtilities/NSData+zlib (~> 7.4)"
    - nanopb (~> 2.30908.0)
  - GoogleMobileAdsMediationFluct (6.19.2):
    - FluctSDK (>= 6.12.1)
    - Google-Mobile-Ads-SDK (>= 8.1.0)
  - GoogleUserMessagingPlatform (2.0.0)
  - GoogleUtilities/AppDelegateSwizzler (7.5.2):
    - GoogleUtilities/Environment
    - GoogleUtilities/Logger
    - GoogleUtilities/Network
  - GoogleUtilities/Environment (7.5.2):
    - PromisesObjC (< 3.0, >= 1.2)
  - GoogleUtilities/Logger (7.5.2):
    - GoogleUtilities/Environment
  - GoogleUtilities/MethodSwizzler (7.5.2):
    - GoogleUtilities/Logger
  - GoogleUtilities/Network (7.5.2):
    - GoogleUtilities/Logger
    - "GoogleUtilities/NSData+zlib"
    - GoogleUtilities/Reachability
  - "GoogleUtilities/NSData+zlib (7.5.2)"
  - GoogleUtilities/Reachability (7.5.2):
    - GoogleUtilities/Logger
  - MaioSDK (1.6.2)
  - MaxMediationAdapterFluct (6.19.2):
    - AppLovinSDK (>= 11.4.2)
    - FluctSDK (>= 6.19.0)
  - nanopb (2.30908.0):
    - nanopb/decode (= 2.30908.0)
    - nanopb/encode (= 2.30908.0)
  - nanopb/decode (2.30908.0)
  - nanopb/encode (2.30908.0)
  - NendSDK_iOS (7.2.0)
  - OneKit-Pangle/BaseKit (1.1.21-pangle)
  - OneKit-Pangle/Database (1.1.21-pangle):
    - OneKit-Pangle/Service
  - OneKit-Pangle/Service (1.1.21-pangle)
  - PromisesObjC (2.0.0)
  - RangersAPM-Pangle/Core (2.3.2-pangle):
    - OneKit-Pangle/BaseKit (= 1.1.21-pangle)
  - RangersAPM-Pangle/Crash (2.3.2-pangle):
    - RangersAPM-Pangle/Core
    - RangersAPM-Pangle/HMD
    - RangersAPM-Pangle/Public
  - RangersAPM-Pangle/Global (2.3.2-pangle):
    - RangersAPM-Pangle/Core
    - RangersAPM-Pangle/Public
  - RangersAPM-Pangle/HMD (2.3.2-pangle):
    - OneKit-Pangle/Database (= 1.1.21-pangle)
    - RangersAPM-Pangle/Core
  - RangersAPM-Pangle/Public (2.3.2-pangle):
    - RangersAPM-Pangle/Core
  - RangersAPM-Pangle/SessionTracker (2.3.2-pangle):
    - RangersAPM-Pangle/Core
    - RangersAPM-Pangle/HMD
    - RangersAPM-Pangle/Public
  - TapjoySDK (12.9.1)
  - UnityAds (3.7.5)

DEPENDENCIES:
  - AppLovinSDK
  - FluctSDK (from `../../../FluctSDK.podspec`)
  - FluctSDK-MediationAdapter (from `../../../FluctSDK-MediationAdapter.podspec`)
  - Google-Mobile-Ads-SDK
  - GoogleMobileAdsMediationFluct (from `../../../GoogleMobileAdsMediationFluct.podspec`)
  - MaxMediationAdapterFluct (from `../../../MaxMediationAdapterFluct.podspec`)

SPEC REPOS:
  trunk:
    - AdColony
    - Ads-Global
    - AppLovinSDK
    - BURelyFoundation_Global
    - FiveAd
    - Google-Mobile-Ads-SDK
    - GoogleAppMeasurement
    - GoogleUserMessagingPlatform
    - GoogleUtilities
    - MaioSDK
    - nanopb
    - NendSDK_iOS
    - OneKit-Pangle
    - PromisesObjC
    - RangersAPM-Pangle
    - TapjoySDK
    - UnityAds

EXTERNAL SOURCES:
  FluctSDK:
    :path: "../../../FluctSDK.podspec"
  FluctSDK-MediationAdapter:
    :path: "../../../FluctSDK-MediationAdapter.podspec"
  GoogleMobileAdsMediationFluct:
    :path: "../../../GoogleMobileAdsMediationFluct.podspec"
  MaxMediationAdapterFluct:
    :path: "../../../MaxMediationAdapterFluct.podspec"

SPEC CHECKSUMS:
  AdColony: eba15b485d1e63d36601d5da4916af73d343b897
  Ads-Global: edc0bdd5771c011e7233158bfc5ac17ca2d59564
  AppLovinSDK: 119a0b2a743f9d9c6002c58776b1013778a65084
  BURelyFoundation_Global: 2cb922d28b6f3493cfdf24eb30f1e3ae61b6ca47
  FiveAd: d75b8f628a7ddfdb4929ab1611a69c6d34c22838
  FluctSDK: 9855d830406fef8a239c035918a4868dac672c29
  FluctSDK-MediationAdapter: 6d3636d9474e804a5a96a43b6f482e751b5552ae
  Google-Mobile-Ads-SDK: 9c78323a7069cd42ddf1ad2fddbaec889b085091
  GoogleAppMeasurement: 2be61ce546ad074dbe4dd545f222ac6033bb1d9e
  GoogleMobileAdsMediationFluct: 50260208d8cff741044a51ddfce4d8e674e40481
  GoogleUserMessagingPlatform: ab890ce5f6620f293a21b6bdd82e416a2c73aeca
  GoogleUtilities: 8de2a97a17e15b6b98e38e8770e2d129a57c0040
  MaioSDK: 674022c6f61693de0601e110da2564ca121df37d
  MaxMediationAdapterFluct: b68916123c4da0d1f67c37b43643402e085b7946
  nanopb: a0ba3315591a9ae0a16a309ee504766e90db0c96
  NendSDK_iOS: 035fd2568f837caaaeeaf18817632106b9355f10
  OneKit-Pangle: 68a778c39d36ed8feffd667a6b49225427bcf286
  PromisesObjC: 68159ce6952d93e17b2dfe273b8c40907db5ba58
  RangersAPM-Pangle: 97c8fe91af08574a739cc72a714b735efb6c891f
  TapjoySDK: 4a3ea5146704a2ba8aab84f4e6f7dcec172972b9
  UnityAds: 9adbfd8ccc008e4e3e7b1bcf5666a126df4f1a8e

PODFILE CHECKSUM: c293699f8e9b81cad5e2a92ef4f50be0888dcf64

COCOAPODS: 1.11.2
